
Microsoft Visual Studio Solution File, Format Version 12.00
# Visual Studio 14
VisualStudioVersion = 14.0.25420.1
MinimumVisualStudioVersion = 10.0.40219.1
Project("{8BC9CEB8-8B4A-11D0-8D11-00A0C91BC942}") = "Core", "Core\Core.vcxproj", "{78FEF1A1-6DF1-4CBB-A373-AE6FA7CE5CE0}"
	ProjectSection(ProjectDependencies) = postProject
		{B5330148-E8C7-46BA-B54E-69BE59EA337D} = {B5330148-E8C7-46BA-B54E-69BE59EA337D}
	EndProjectSection
EndProject
Project("{8BC9CEB8-8B4A-11D0-8D11-00A0C91BC942}") = "Utilities", "Utilities\Utilities.vcxproj", "{B5330148-E8C7-46BA-B54E-69BE59EA337D}"
	ProjectSection(ProjectDependencies) = postProject
		{52C4BA3A-E699-4305-B23F-C9083FD07AB6} = {52C4BA3A-E699-4305-B23F-C9083FD07AB6}
	EndProjectSection
EndProject
Project("{FAE04EC0-301F-11D3-BF4B-00C04F79EFBC}") = "GUI.NET", "GUI.NET\GUI.NET.csproj", "{08D83A7E-52A9-451E-A53A-1A7946F8BB77}"
	ProjectSection(ProjectDependencies) = postProject
		{AABB5225-3A49-47FF-8A48-031673CADCE9} = {AABB5225-3A49-47FF-8A48-031673CADCE9}
		{37749BB2-FA78-4EC9-8990-5628FC0BBA19} = {37749BB2-FA78-4EC9-8990-5628FC0BBA19}
	EndProjectSection
EndProject
Project("{8BC9CEB8-8B4A-11D0-8D11-00A0C91BC942}") = "Windows", "Windows\Windows.vcxproj", "{7761E790-B42C-4179-8550-8365FF9EB23E}"
	ProjectSection(ProjectDependencies) = postProject
		{B5330148-E8C7-46BA-B54E-69BE59EA337D} = {B5330148-E8C7-46BA-B54E-69BE59EA337D}
		{78FEF1A1-6DF1-4CBB-A373-AE6FA7CE5CE0} = {78FEF1A1-6DF1-4CBB-A373-AE6FA7CE5CE0}
	EndProjectSection
EndProject
Project("{8BC9CEB8-8B4A-11D0-8D11-00A0C91BC942}") = "InteropDLL", "InteropDLL\InteropDLL.vcxproj", "{37749BB2-FA78-4EC9-8990-5628FC0BBA19}"
	ProjectSection(ProjectDependencies) = postProject
		{B5330148-E8C7-46BA-B54E-69BE59EA337D} = {B5330148-E8C7-46BA-B54E-69BE59EA337D}
		{7761E790-B42C-4179-8550-8365FF9EB23E} = {7761E790-B42C-4179-8550-8365FF9EB23E}
		{78FEF1A1-6DF1-4CBB-A373-AE6FA7CE5CE0} = {78FEF1A1-6DF1-4CBB-A373-AE6FA7CE5CE0}
	EndProjectSection
EndProject
Project("{8BC9CEB8-8B4A-11D0-8D11-00A0C91BC942}") = "PGOHelper", "PGOHelper\PGOHelper.vcxproj", "{38D74EE1-5276-4D24-AABC-104B912A27D2}"
	ProjectSection(ProjectDependencies) = postProject
		{37749BB2-FA78-4EC9-8990-5628FC0BBA19} = {37749BB2-FA78-4EC9-8990-5628FC0BBA19}
	EndProjectSection
EndProject
Project("{8BC9CEB8-8B4A-11D0-8D11-00A0C91BC942}") = "TestHelper", "TestHelper\TestHelper.vcxproj", "{2A607369-8B5D-494A-9E40-C5DC8D821AA3}"
	ProjectSection(ProjectDependencies) = postProject
		{37749BB2-FA78-4EC9-8990-5628FC0BBA19} = {37749BB2-FA78-4EC9-8990-5628FC0BBA19}
	EndProjectSection
EndProject
Project("{FAE04EC0-301F-11D3-BF4B-00C04F79EFBC}") = "DependencyPacker", "DependencyPacker\DependencyPacker.csproj", "{AABB5225-3A49-47FF-8A48-031673CADCE9}"
	ProjectSection(ProjectDependencies) = postProject
		{37749BB2-FA78-4EC9-8990-5628FC0BBA19} = {37749BB2-FA78-4EC9-8990-5628FC0BBA19}
	EndProjectSection
EndProject
Project("{FAE04EC0-301F-11D3-BF4B-00C04F79EFBC}") = "UpdateHelper", "UpdateHelper\UpdateHelper.csproj", "{36ABBF1C-66E1-4577-828A-619A2EF0DAE9}"
EndProject
Project("{8BC9CEB8-8B4A-11D0-8D11-00A0C91BC942}") = "SevenZip", "SevenZip\SevenZip.vcxproj", "{52C4BA3A-E699-4305-B23F-C9083FD07AB6}"
EndProject
Global
	GlobalSection(SolutionConfigurationPlatforms) = preSolution
		Debug|Any CPU = Debug|Any CPU
		Debug|x64 = Debug|x64
		Debug|x86 = Debug|x86
		PGO Optimize|Any CPU = PGO Optimize|Any CPU
		PGO Optimize|x64 = PGO Optimize|x64
		PGO Optimize|x86 = PGO Optimize|x86
		PGO Profile|Any CPU = PGO Profile|Any CPU
		PGO Profile|x64 = PGO Profile|x64
		PGO Profile|x86 = PGO Profile|x86
		Release|Any CPU = Release|Any CPU
		Release|x64 = Release|x64
		Release|x86 = Release|x86
	EndGlobalSection
	GlobalSection(ProjectConfigurationPlatforms) = postSolution
		{78FEF1A1-6DF1-4CBB-A373-AE6FA7CE5CE0}.Debug|Any CPU.ActiveCfg = Debug|Win32
		{78FEF1A1-6DF1-4CBB-A373-AE6FA7CE5CE0}.Debug|x64.ActiveCfg = Debug|x64
		{78FEF1A1-6DF1-4CBB-A373-AE6FA7CE5CE0}.Debug|x64.Build.0 = Debug|x64
		{78FEF1A1-6DF1-4CBB-A373-AE6FA7CE5CE0}.Debug|x86.ActiveCfg = Debug|Win32
		{78FEF1A1-6DF1-4CBB-A373-AE6FA7CE5CE0}.Debug|x86.Build.0 = Debug|Win32
		{78FEF1A1-6DF1-4CBB-A373-AE6FA7CE5CE0}.PGO Optimize|Any CPU.ActiveCfg = PGO Optimize|Win32
		{78FEF1A1-6DF1-4CBB-A373-AE6FA7CE5CE0}.PGO Optimize|x64.ActiveCfg = PGO Optimize|x64
		{78FEF1A1-6DF1-4CBB-A373-AE6FA7CE5CE0}.PGO Optimize|x64.Build.0 = PGO Optimize|x64
		{78FEF1A1-6DF1-4CBB-A373-AE6FA7CE5CE0}.PGO Optimize|x86.ActiveCfg = PGO Optimize|Win32
		{78FEF1A1-6DF1-4CBB-A373-AE6FA7CE5CE0}.PGO Optimize|x86.Build.0 = PGO Optimize|Win32
		{78FEF1A1-6DF1-4CBB-A373-AE6FA7CE5CE0}.PGO Profile|Any CPU.ActiveCfg = PGO Profile|Win32
		{78FEF1A1-6DF1-4CBB-A373-AE6FA7CE5CE0}.PGO Profile|x64.ActiveCfg = PGO Profile|x64
		{78FEF1A1-6DF1-4CBB-A373-AE6FA7CE5CE0}.PGO Profile|x64.Build.0 = PGO Profile|x64
		{78FEF1A1-6DF1-4CBB-A373-AE6FA7CE5CE0}.PGO Profile|x86.ActiveCfg = PGO Profile|Win32
		{78FEF1A1-6DF1-4CBB-A373-AE6FA7CE5CE0}.PGO Profile|x86.Build.0 = PGO Profile|Win32
		{78FEF1A1-6DF1-4CBB-A373-AE6FA7CE5CE0}.Release|Any CPU.ActiveCfg = Release|Win32
		{78FEF1A1-6DF1-4CBB-A373-AE6FA7CE5CE0}.Release|x64.ActiveCfg = Release|x64
		{78FEF1A1-6DF1-4CBB-A373-AE6FA7CE5CE0}.Release|x64.Build.0 = Release|x64
		{78FEF1A1-6DF1-4CBB-A373-AE6FA7CE5CE0}.Release|x86.ActiveCfg = Release|Win32
		{78FEF1A1-6DF1-4CBB-A373-AE6FA7CE5CE0}.Release|x86.Build.0 = Release|Win32
		{B5330148-E8C7-46BA-B54E-69BE59EA337D}.Debug|Any CPU.ActiveCfg = Debug|Win32
		{B5330148-E8C7-46BA-B54E-69BE59EA337D}.Debug|x64.ActiveCfg = Debug|x64
		{B5330148-E8C7-46BA-B54E-69BE59EA337D}.Debug|x64.Build.0 = Debug|x64
		{B5330148-E8C7-46BA-B54E-69BE59EA337D}.Debug|x86.ActiveCfg = Debug|Win32
		{B5330148-E8C7-46BA-B54E-69BE59EA337D}.Debug|x86.Build.0 = Debug|Win32
		{B5330148-E8C7-46BA-B54E-69BE59EA337D}.PGO Optimize|Any CPU.ActiveCfg = PGO Optimize|Win32
		{B5330148-E8C7-46BA-B54E-69BE59EA337D}.PGO Optimize|x64.ActiveCfg = PGO Optimize|x64
		{B5330148-E8C7-46BA-B54E-69BE59EA337D}.PGO Optimize|x64.Build.0 = PGO Optimize|x64
		{B5330148-E8C7-46BA-B54E-69BE59EA337D}.PGO Optimize|x86.ActiveCfg = PGO Optimize|Win32
		{B5330148-E8C7-46BA-B54E-69BE59EA337D}.PGO Optimize|x86.Build.0 = PGO Optimize|Win32
		{B5330148-E8C7-46BA-B54E-69BE59EA337D}.PGO Profile|Any CPU.ActiveCfg = PGO Profile|Win32
		{B5330148-E8C7-46BA-B54E-69BE59EA337D}.PGO Profile|x64.ActiveCfg = PGO Profile|x64
		{B5330148-E8C7-46BA-B54E-69BE59EA337D}.PGO Profile|x64.Build.0 = PGO Profile|x64
		{B5330148-E8C7-46BA-B54E-69BE59EA337D}.PGO Profile|x86.ActiveCfg = PGO Profile|Win32
		{B5330148-E8C7-46BA-B54E-69BE59EA337D}.PGO Profile|x86.Build.0 = PGO Profile|Win32
		{B5330148-E8C7-46BA-B54E-69BE59EA337D}.Release|Any CPU.ActiveCfg = Release|Win32
		{B5330148-E8C7-46BA-B54E-69BE59EA337D}.Release|x64.ActiveCfg = Release|x64
		{B5330148-E8C7-46BA-B54E-69BE59EA337D}.Release|x64.Build.0 = Release|x64
		{B5330148-E8C7-46BA-B54E-69BE59EA337D}.Release|x86.ActiveCfg = Release|Win32
		{B5330148-E8C7-46BA-B54E-69BE59EA337D}.Release|x86.Build.0 = Release|Win32
		{08D83A7E-52A9-451E-A53A-1A7946F8BB77}.Debug|Any CPU.ActiveCfg = Debug|Any CPU
		{08D83A7E-52A9-451E-A53A-1A7946F8BB77}.Debug|Any CPU.Build.0 = Debug|Any CPU
		{08D83A7E-52A9-451E-A53A-1A7946F8BB77}.Debug|x64.ActiveCfg = Debug|x64
		{08D83A7E-52A9-451E-A53A-1A7946F8BB77}.Debug|x64.Build.0 = Debug|x64
		{08D83A7E-52A9-451E-A53A-1A7946F8BB77}.Debug|x86.ActiveCfg = Debug|x86
		{08D83A7E-52A9-451E-A53A-1A7946F8BB77}.Debug|x86.Build.0 = Debug|x86
		{08D83A7E-52A9-451E-A53A-1A7946F8BB77}.PGO Optimize|Any CPU.ActiveCfg = PGO Optimize|Any CPU
		{08D83A7E-52A9-451E-A53A-1A7946F8BB77}.PGO Optimize|Any CPU.Build.0 = PGO Optimize|Any CPU
		{08D83A7E-52A9-451E-A53A-1A7946F8BB77}.PGO Optimize|x64.ActiveCfg = PGO Optimize|x64
		{08D83A7E-52A9-451E-A53A-1A7946F8BB77}.PGO Optimize|x64.Build.0 = PGO Optimize|x64
		{08D83A7E-52A9-451E-A53A-1A7946F8BB77}.PGO Optimize|x86.ActiveCfg = PGO Optimize|x86
		{08D83A7E-52A9-451E-A53A-1A7946F8BB77}.PGO Optimize|x86.Build.0 = PGO Optimize|x86
		{08D83A7E-52A9-451E-A53A-1A7946F8BB77}.PGO Profile|Any CPU.ActiveCfg = PGO Profile|Any CPU
		{08D83A7E-52A9-451E-A53A-1A7946F8BB77}.PGO Profile|Any CPU.Build.0 = PGO Profile|Any CPU
		{08D83A7E-52A9-451E-A53A-1A7946F8BB77}.PGO Profile|x64.ActiveCfg = PGO Profile|x64
		{08D83A7E-52A9-451E-A53A-1A7946F8BB77}.PGO Profile|x64.Build.0 = PGO Profile|x64
		{08D83A7E-52A9-451E-A53A-1A7946F8BB77}.PGO Profile|x86.ActiveCfg = PGO Profile|x86
		{08D83A7E-52A9-451E-A53A-1A7946F8BB77}.PGO Profile|x86.Build.0 = PGO Profile|x86
		{08D83A7E-52A9-451E-A53A-1A7946F8BB77}.Release|Any CPU.ActiveCfg = Release|Any CPU
		{08D83A7E-52A9-451E-A53A-1A7946F8BB77}.Release|Any CPU.Build.0 = Release|Any CPU
		{08D83A7E-52A9-451E-A53A-1A7946F8BB77}.Release|x64.ActiveCfg = Release|x64
		{08D83A7E-52A9-451E-A53A-1A7946F8BB77}.Release|x64.Build.0 = Release|x64
		{08D83A7E-52A9-451E-A53A-1A7946F8BB77}.Release|x86.ActiveCfg = Release|x86
		{08D83A7E-52A9-451E-A53A-1A7946F8BB77}.Release|x86.Build.0 = Release|x86
		{7761E790-B42C-4179-8550-8365FF9EB23E}.Debug|Any CPU.ActiveCfg = Debug|Win32
		{7761E790-B42C-4179-8550-8365FF9EB23E}.Debug|x64.ActiveCfg = Debug|x64
		{7761E790-B42C-4179-8550-8365FF9EB23E}.Debug|x64.Build.0 = Debug|x64
		{7761E790-B42C-4179-8550-8365FF9EB23E}.Debug|x86.ActiveCfg = Debug|Win32
		{7761E790-B42C-4179-8550-8365FF9EB23E}.Debug|x86.Build.0 = Debug|Win32
		{7761E790-B42C-4179-8550-8365FF9EB23E}.PGO Optimize|Any CPU.ActiveCfg = PGO Optimize|Win32
		{7761E790-B42C-4179-8550-8365FF9EB23E}.PGO Optimize|x64.ActiveCfg = PGO Optimize|x64
		{7761E790-B42C-4179-8550-8365FF9EB23E}.PGO Optimize|x64.Build.0 = PGO Optimize|x64
		{7761E790-B42C-4179-8550-8365FF9EB23E}.PGO Optimize|x86.ActiveCfg = PGO Optimize|Win32
		{7761E790-B42C-4179-8550-8365FF9EB23E}.PGO Optimize|x86.Build.0 = PGO Optimize|Win32
		{7761E790-B42C-4179-8550-8365FF9EB23E}.PGO Profile|Any CPU.ActiveCfg = PGO Profile|Win32
		{7761E790-B42C-4179-8550-8365FF9EB23E}.PGO Profile|x64.ActiveCfg = PGO Profile|x64
		{7761E790-B42C-4179-8550-8365FF9EB23E}.PGO Profile|x64.Build.0 = PGO Profile|x64
		{7761E790-B42C-4179-8550-8365FF9EB23E}.PGO Profile|x86.ActiveCfg = PGO Profile|Win32
		{7761E790-B42C-4179-8550-8365FF9EB23E}.PGO Profile|x86.Build.0 = PGO Profile|Win32
		{7761E790-B42C-4179-8550-8365FF9EB23E}.Release|Any CPU.ActiveCfg = Release|Win32
		{7761E790-B42C-4179-8550-8365FF9EB23E}.Release|x64.ActiveCfg = Release|x64
		{7761E790-B42C-4179-8550-8365FF9EB23E}.Release|x64.Build.0 = Release|x64
		{7761E790-B42C-4179-8550-8365FF9EB23E}.Release|x86.ActiveCfg = Release|Win32
		{7761E790-B42C-4179-8550-8365FF9EB23E}.Release|x86.Build.0 = Release|Win32
		{37749BB2-FA78-4EC9-8990-5628FC0BBA19}.Debug|Any CPU.ActiveCfg = Debug|Win32
		{37749BB2-FA78-4EC9-8990-5628FC0BBA19}.Debug|x64.ActiveCfg = Debug|x64
		{37749BB2-FA78-4EC9-8990-5628FC0BBA19}.Debug|x64.Build.0 = Debug|x64
		{37749BB2-FA78-4EC9-8990-5628FC0BBA19}.Debug|x86.ActiveCfg = Debug|Win32
		{37749BB2-FA78-4EC9-8990-5628FC0BBA19}.Debug|x86.Build.0 = Debug|Win32
		{37749BB2-FA78-4EC9-8990-5628FC0BBA19}.PGO Optimize|Any CPU.ActiveCfg = PGO Optimize|Win32
		{37749BB2-FA78-4EC9-8990-5628FC0BBA19}.PGO Optimize|x64.ActiveCfg = PGO Optimize|x64
		{37749BB2-FA78-4EC9-8990-5628FC0BBA19}.PGO Optimize|x64.Build.0 = PGO Optimize|x64
		{37749BB2-FA78-4EC9-8990-5628FC0BBA19}.PGO Optimize|x86.ActiveCfg = PGO Optimize|Win32
		{37749BB2-FA78-4EC9-8990-5628FC0BBA19}.PGO Optimize|x86.Build.0 = PGO Optimize|Win32
		{37749BB2-FA78-4EC9-8990-5628FC0BBA19}.PGO Profile|Any CPU.ActiveCfg = PGO Profile|Win32
		{37749BB2-FA78-4EC9-8990-5628FC0BBA19}.PGO Profile|x64.ActiveCfg = PGO Profile|x64
		{37749BB2-FA78-4EC9-8990-5628FC0BBA19}.PGO Profile|x64.Build.0 = PGO Profile|x64
		{37749BB2-FA78-4EC9-8990-5628FC0BBA19}.PGO Profile|x86.ActiveCfg = PGO Profile|Win32
		{37749BB2-FA78-4EC9-8990-5628FC0BBA19}.PGO Profile|x86.Build.0 = PGO Profile|Win32
		{37749BB2-FA78-4EC9-8990-5628FC0BBA19}.Release|Any CPU.ActiveCfg = Release|Win32
		{37749BB2-FA78-4EC9-8990-5628FC0BBA19}.Release|x64.ActiveCfg = Release|x64
		{37749BB2-FA78-4EC9-8990-5628FC0BBA19}.Release|x64.Build.0 = Release|x64
		{37749BB2-FA78-4EC9-8990-5628FC0BBA19}.Release|x86.ActiveCfg = Release|Win32
		{37749BB2-FA78-4EC9-8990-5628FC0BBA19}.Release|x86.Build.0 = Release|Win32
		{38D74EE1-5276-4D24-AABC-104B912A27D2}.Debug|Any CPU.ActiveCfg = Debug|Win32
		{38D74EE1-5276-4D24-AABC-104B912A27D2}.Debug|x64.ActiveCfg = Debug|x64
		{38D74EE1-5276-4D24-AABC-104B912A27D2}.Debug|x64.Build.0 = Debug|x64
		{38D74EE1-5276-4D24-AABC-104B912A27D2}.Debug|x86.ActiveCfg = Debug|Win32
		{38D74EE1-5276-4D24-AABC-104B912A27D2}.Debug|x86.Build.0 = Debug|Win32
		{38D74EE1-5276-4D24-AABC-104B912A27D2}.PGO Optimize|Any CPU.ActiveCfg = PGO Optimize|Win32
		{38D74EE1-5276-4D24-AABC-104B912A27D2}.PGO Optimize|x64.ActiveCfg = PGO Optimize|x64
		{38D74EE1-5276-4D24-AABC-104B912A27D2}.PGO Optimize|x64.Build.0 = PGO Optimize|x64
		{38D74EE1-5276-4D24-AABC-104B912A27D2}.PGO Optimize|x86.ActiveCfg = PGO Optimize|Win32
		{38D74EE1-5276-4D24-AABC-104B912A27D2}.PGO Optimize|x86.Build.0 = PGO Optimize|Win32
		{38D74EE1-5276-4D24-AABC-104B912A27D2}.PGO Profile|Any CPU.ActiveCfg = PGO Profile|Win32
		{38D74EE1-5276-4D24-AABC-104B912A27D2}.PGO Profile|x64.ActiveCfg = PGO Profile|x64
		{38D74EE1-5276-4D24-AABC-104B912A27D2}.PGO Profile|x64.Build.0 = PGO Profile|x64
		{38D74EE1-5276-4D24-AABC-104B912A27D2}.PGO Profile|x86.ActiveCfg = PGO Profile|Win32
		{38D74EE1-5276-4D24-AABC-104B912A27D2}.PGO Profile|x86.Build.0 = PGO Profile|Win32
		{38D74EE1-5276-4D24-AABC-104B912A27D2}.Release|Any CPU.ActiveCfg = Release|Win32
		{38D74EE1-5276-4D24-AABC-104B912A27D2}.Release|x64.ActiveCfg = Release|x64
		{38D74EE1-5276-4D24-AABC-104B912A27D2}.Release|x64.Build.0 = Release|x64
		{38D74EE1-5276-4D24-AABC-104B912A27D2}.Release|x86.ActiveCfg = Release|Win32
		{38D74EE1-5276-4D24-AABC-104B912A27D2}.Release|x86.Build.0 = Release|Win32
		{2A607369-8B5D-494A-9E40-C5DC8D821AA3}.Debug|Any CPU.ActiveCfg = Debug|Win32
		{2A607369-8B5D-494A-9E40-C5DC8D821AA3}.Debug|x64.ActiveCfg = Debug|x64
		{2A607369-8B5D-494A-9E40-C5DC8D821AA3}.Debug|x64.Build.0 = Debug|x64
		{2A607369-8B5D-494A-9E40-C5DC8D821AA3}.Debug|x86.ActiveCfg = Debug|Win32
		{2A607369-8B5D-494A-9E40-C5DC8D821AA3}.Debug|x86.Build.0 = Debug|Win32
		{2A607369-8B5D-494A-9E40-C5DC8D821AA3}.PGO Optimize|Any CPU.ActiveCfg = PGO Optimize|Win32
		{2A607369-8B5D-494A-9E40-C5DC8D821AA3}.PGO Optimize|x64.ActiveCfg = PGO Optimize|x64
		{2A607369-8B5D-494A-9E40-C5DC8D821AA3}.PGO Optimize|x64.Build.0 = PGO Optimize|x64
		{2A607369-8B5D-494A-9E40-C5DC8D821AA3}.PGO Optimize|x86.ActiveCfg = PGO Optimize|Win32
		{2A607369-8B5D-494A-9E40-C5DC8D821AA3}.PGO Optimize|x86.Build.0 = PGO Optimize|Win32
		{2A607369-8B5D-494A-9E40-C5DC8D821AA3}.PGO Profile|Any CPU.ActiveCfg = PGO Profile|Win32
		{2A607369-8B5D-494A-9E40-C5DC8D821AA3}.PGO Profile|x64.ActiveCfg = PGO Profile|x64
		{2A607369-8B5D-494A-9E40-C5DC8D821AA3}.PGO Profile|x64.Build.0 = PGO Profile|x64
		{2A607369-8B5D-494A-9E40-C5DC8D821AA3}.PGO Profile|x86.ActiveCfg = PGO Profile|Win32
		{2A607369-8B5D-494A-9E40-C5DC8D821AA3}.PGO Profile|x86.Build.0 = PGO Profile|Win32
		{2A607369-8B5D-494A-9E40-C5DC8D821AA3}.Release|Any CPU.ActiveCfg = Release|Win32
		{2A607369-8B5D-494A-9E40-C5DC8D821AA3}.Release|x64.ActiveCfg = Release|x64
		{2A607369-8B5D-494A-9E40-C5DC8D821AA3}.Release|x64.Build.0 = Release|x64
		{2A607369-8B5D-494A-9E40-C5DC8D821AA3}.Release|x86.ActiveCfg = Release|Win32
		{2A607369-8B5D-494A-9E40-C5DC8D821AA3}.Release|x86.Build.0 = Release|Win32
		{AABB5225-3A49-47FF-8A48-031673CADCE9}.Debug|Any CPU.ActiveCfg = Debug|Any CPU
		{AABB5225-3A49-47FF-8A48-031673CADCE9}.Debug|Any CPU.Build.0 = Debug|Any CPU
		{AABB5225-3A49-47FF-8A48-031673CADCE9}.Debug|x64.ActiveCfg = Debug|x64
		{AABB5225-3A49-47FF-8A48-031673CADCE9}.Debug|x64.Build.0 = Debug|x64
		{AABB5225-3A49-47FF-8A48-031673CADCE9}.Debug|x86.ActiveCfg = Debug|x86
		{AABB5225-3A49-47FF-8A48-031673CADCE9}.Debug|x86.Build.0 = Debug|x86
		{AABB5225-3A49-47FF-8A48-031673CADCE9}.PGO Optimize|Any CPU.ActiveCfg = PGO Optimize|Any CPU
		{AABB5225-3A49-47FF-8A48-031673CADCE9}.PGO Optimize|Any CPU.Build.0 = PGO Optimize|Any CPU
		{AABB5225-3A49-47FF-8A48-031673CADCE9}.PGO Optimize|x64.ActiveCfg = PGO Optimize|x64
		{AABB5225-3A49-47FF-8A48-031673CADCE9}.PGO Optimize|x64.Build.0 = PGO Optimize|x64
		{AABB5225-3A49-47FF-8A48-031673CADCE9}.PGO Optimize|x86.ActiveCfg = PGO Optimize|x86
		{AABB5225-3A49-47FF-8A48-031673CADCE9}.PGO Optimize|x86.Build.0 = PGO Optimize|x86
		{AABB5225-3A49-47FF-8A48-031673CADCE9}.PGO Profile|Any CPU.ActiveCfg = PGO Profile|Any CPU
		{AABB5225-3A49-47FF-8A48-031673CADCE9}.PGO Profile|Any CPU.Build.0 = PGO Profile|Any CPU
		{AABB5225-3A49-47FF-8A48-031673CADCE9}.PGO Profile|x64.ActiveCfg = PGO Profile|x64
		{AABB5225-3A49-47FF-8A48-031673CADCE9}.PGO Profile|x64.Build.0 = PGO Profile|x64
		{AABB5225-3A49-47FF-8A48-031673CADCE9}.PGO Profile|x86.ActiveCfg = PGO Profile|x86
		{AABB5225-3A49-47FF-8A48-031673CADCE9}.PGO Profile|x86.Build.0 = PGO Profile|x86
		{AABB5225-3A49-47FF-8A48-031673CADCE9}.Release|Any CPU.ActiveCfg = Release|Any CPU
		{AABB5225-3A49-47FF-8A48-031673CADCE9}.Release|Any CPU.Build.0 = Release|Any CPU
		{AABB5225-3A49-47FF-8A48-031673CADCE9}.Release|x64.ActiveCfg = Release|x64
		{AABB5225-3A49-47FF-8A48-031673CADCE9}.Release|x64.Build.0 = Release|x64
		{AABB5225-3A49-47FF-8A48-031673CADCE9}.Release|x86.ActiveCfg = Release|x86
		{AABB5225-3A49-47FF-8A48-031673CADCE9}.Release|x86.Build.0 = Release|x86
		{36ABBF1C-66E1-4577-828A-619A2EF0DAE9}.Debug|Any CPU.ActiveCfg = Debug|Any CPU
		{36ABBF1C-66E1-4577-828A-619A2EF0DAE9}.Debug|Any CPU.Build.0 = Debug|Any CPU
		{36ABBF1C-66E1-4577-828A-619A2EF0DAE9}.Debug|x64.ActiveCfg = Debug|x64
		{36ABBF1C-66E1-4577-828A-619A2EF0DAE9}.Debug|x64.Build.0 = Debug|x64
		{36ABBF1C-66E1-4577-828A-619A2EF0DAE9}.Debug|x86.ActiveCfg = Debug|x86
		{36ABBF1C-66E1-4577-828A-619A2EF0DAE9}.Debug|x86.Build.0 = Debug|x86
		{36ABBF1C-66E1-4577-828A-619A2EF0DAE9}.PGO Optimize|Any CPU.ActiveCfg = PGO Optimize|Any CPU
		{36ABBF1C-66E1-4577-828A-619A2EF0DAE9}.PGO Optimize|Any CPU.Build.0 = PGO Optimize|Any CPU
		{36ABBF1C-66E1-4577-828A-619A2EF0DAE9}.PGO Optimize|x64.ActiveCfg = PGO Optimize|x64
		{36ABBF1C-66E1-4577-828A-619A2EF0DAE9}.PGO Optimize|x64.Build.0 = PGO Optimize|x64
		{36ABBF1C-66E1-4577-828A-619A2EF0DAE9}.PGO Optimize|x86.ActiveCfg = PGO Optimize|x86
		{36ABBF1C-66E1-4577-828A-619A2EF0DAE9}.PGO Optimize|x86.Build.0 = PGO Optimize|x86
		{36ABBF1C-66E1-4577-828A-619A2EF0DAE9}.PGO Profile|Any CPU.ActiveCfg = PGO Profile|Any CPU
		{36ABBF1C-66E1-4577-828A-619A2EF0DAE9}.PGO Profile|Any CPU.Build.0 = PGO Profile|Any CPU
		{36ABBF1C-66E1-4577-828A-619A2EF0DAE9}.PGO Profile|x64.ActiveCfg = PGO Profile|x64
		{36ABBF1C-66E1-4577-828A-619A2EF0DAE9}.PGO Profile|x64.Build.0 = PGO Profile|x64
		{36ABBF1C-66E1-4577-828A-619A2EF0DAE9}.PGO Profile|x86.ActiveCfg = PGO Profile|x86
		{36ABBF1C-66E1-4577-828A-619A2EF0DAE9}.PGO Profile|x86.Build.0 = PGO Profile|x86
		{36ABBF1C-66E1-4577-828A-619A2EF0DAE9}.Release|Any CPU.ActiveCfg = Release|Any CPU
		{36ABBF1C-66E1-4577-828A-619A2EF0DAE9}.Release|Any CPU.Build.0 = Release|Any CPU
		{36ABBF1C-66E1-4577-828A-619A2EF0DAE9}.Release|x64.ActiveCfg = Release|x64
		{36ABBF1C-66E1-4577-828A-619A2EF0DAE9}.Release|x64.Build.0 = Release|x64
		{36ABBF1C-66E1-4577-828A-619A2EF0DAE9}.Release|x86.ActiveCfg = Release|x86
		{36ABBF1C-66E1-4577-828A-619A2EF0DAE9}.Release|x86.Build.0 = Release|x86
		{52C4BA3A-E699-4305-B23F-C9083FD07AB6}.Debug|Any CPU.ActiveCfg = Debug|Win32
		{52C4BA3A-E699-4305-B23F-C9083FD07AB6}.Debug|x64.ActiveCfg = Debug|x64
		{52C4BA3A-E699-4305-B23F-C9083FD07AB6}.Debug|x64.Build.0 = Debug|x64
		{52C4BA3A-E699-4305-B23F-C9083FD07AB6}.Debug|x86.ActiveCfg = Debug|Win32
		{52C4BA3A-E699-4305-B23F-C9083FD07AB6}.Debug|x86.Build.0 = Debug|Win32
		{52C4BA3A-E699-4305-B23F-C9083FD07AB6}.PGO Optimize|Any CPU.ActiveCfg = PGO Optimize|Win32
		{52C4BA3A-E699-4305-B23F-C9083FD07AB6}.PGO Optimize|x64.ActiveCfg = PGO Optimize|x64
		{52C4BA3A-E699-4305-B23F-C9083FD07AB6}.PGO Optimize|x64.Build.0 = PGO Optimize|x64
		{52C4BA3A-E699-4305-B23F-C9083FD07AB6}.PGO Optimize|x86.ActiveCfg = PGO Optimize|Win32
		{52C4BA3A-E699-4305-B23F-C9083FD07AB6}.PGO Optimize|x86.Build.0 = PGO Optimize|Win32
		{52C4BA3A-E699-4305-B23F-C9083FD07AB6}.PGO Profile|Any CPU.ActiveCfg = PGO Profile|Win32
		{52C4BA3A-E699-4305-B23F-C9083FD07AB6}.PGO Profile|x64.ActiveCfg = PGO Profile|x64
		{52C4BA3A-E699-4305-B23F-C9083FD07AB6}.PGO Profile|x64.Build.0 = PGO Profile|x64
		{52C4BA3A-E699-4305-B23F-C9083FD07AB6}.PGO Profile|x86.ActiveCfg = PGO Profile|Win32
		{52C4BA3A-E699-4305-B23F-C9083FD07AB6}.PGO Profile|x86.Build.0 = PGO Profile|Win32
		{52C4BA3A-E699-4305-B23F-C9083FD07AB6}.Release|Any CPU.ActiveCfg = Release|Win32
		{52C4BA3A-E699-4305-B23F-C9083FD07AB6}.Release|x64.ActiveCfg = Release|x64
		{52C4BA3A-E699-4305-B23F-C9083FD07AB6}.Release|x64.Build.0 = Release|x64
		{52C4BA3A-E699-4305-B23F-C9083FD07AB6}.Release|x86.ActiveCfg = Release|Win32
		{52C4BA3A-E699-4305-B23F-C9083FD07AB6}.Release|x86.Build.0 = Release|Win32
	EndGlobalSection
	GlobalSection(SolutionProperties) = preSolution
		HideSolutionNode = FALSE
	EndGlobalSection
EndGlobal
