
Microsoft Visual Studio Solution File, Format Version 12.00
# Visual Studio 2013
VisualStudioVersion = 12.0.30501.0
MinimumVisualStudioVersion = 10.0.40219.1
Project("{8BC9CEB8-8B4A-11D0-8D11-00A0C91BC942}") = "Core", "Core\Core.vcxproj", "{78FEF1A1-6DF1-4CBB-A373-AE6FA7CE5CE0}"
	ProjectSection(ProjectDependencies) = postProject
		{B5330148-E8C7-46BA-B54E-69BE59EA337D} = {B5330148-E8C7-46BA-B54E-69BE59EA337D}
		{CF35D78C-F710-41D2-968F-C46ACCFF6F07} = {CF35D78C-F710-41D2-968F-C46ACCFF6F07}
		{7761E790-B42C-4179-8550-8365FF9EB23E} = {7761E790-B42C-4179-8550-8365FF9EB23E}
	EndProjectSection
EndProject
Project("{8BC9CEB8-8B4A-11D0-8D11-00A0C91BC942}") = "Utilities", "Utilities\Utilities.vcxproj", "{B5330148-E8C7-46BA-B54E-69BE59EA337D}"
EndProject
Project("{FAE04EC0-301F-11D3-BF4B-00C04F79EFBC}") = "GUI.NET", "GUI.NET\GUI.NET.csproj", "{08D83A7E-52A9-451E-A53A-1A7946F8BB77}"
	ProjectSection(ProjectDependencies) = postProject
		{37749BB2-FA78-4EC9-8990-5628FC0BBA19} = {37749BB2-FA78-4EC9-8990-5628FC0BBA19}
	EndProjectSection
EndProject
Project("{8BC9CEB8-8B4A-11D0-8D11-00A0C91BC942}") = "Windows", "Windows\Windows.vcxproj", "{7761E790-B42C-4179-8550-8365FF9EB23E}"
EndProject
Project("{8BC9CEB8-8B4A-11D0-8D11-00A0C91BC942}") = "InteropDLL", "InteropDLL\InteropDLL.vcxproj", "{37749BB2-FA78-4EC9-8990-5628FC0BBA19}"
	ProjectSection(ProjectDependencies) = postProject
		{7761E790-B42C-4179-8550-8365FF9EB23E} = {7761E790-B42C-4179-8550-8365FF9EB23E}
		{78FEF1A1-6DF1-4CBB-A373-AE6FA7CE5CE0} = {78FEF1A1-6DF1-4CBB-A373-AE6FA7CE5CE0}
	EndProjectSection
EndProject
Project("{8BC9CEB8-8B4A-11D0-8D11-00A0C91BC942}") = "PGOHelper", "PGOHelper\PGOHelper.vcxproj", "{38D74EE1-5276-4D24-AABC-104B912A27D2}"
	ProjectSection(ProjectDependencies) = postProject
		{37749BB2-FA78-4EC9-8990-5628FC0BBA19} = {37749BB2-FA78-4EC9-8990-5628FC0BBA19}
	EndProjectSection
EndProject
Project("{8BC9CEB8-8B4A-11D0-8D11-00A0C91BC942}") = "BlipBuffer", "BlipBuffer\BlipBuffer.vcxproj", "{CF35D78C-F710-41D2-968F-C46ACCFF6F07}"
EndProject
Project("{8BC9CEB8-8B4A-11D0-8D11-00A0C91BC942}") = "TestHelper", "TestHelper\TestHelper.vcxproj", "{2A607369-8B5D-494A-9E40-C5DC8D821AA3}"
	ProjectSection(ProjectDependencies) = postProject
		{37749BB2-FA78-4EC9-8990-5628FC0BBA19} = {37749BB2-FA78-4EC9-8990-5628FC0BBA19}
	EndProjectSection
EndProject
Global
	GlobalSection(SolutionConfigurationPlatforms) = preSolution
		Debug|x64 = Debug|x64
		Debug|x86 = Debug|x86
		Release|x64 = Release|x64
		Release|x86 = Release|x86
	EndGlobalSection
	GlobalSection(ProjectConfigurationPlatforms) = postSolution
		{78FEF1A1-6DF1-4CBB-A373-AE6FA7CE5CE0}.Debug|x64.ActiveCfg = Debug|x64
		{78FEF1A1-6DF1-4CBB-A373-AE6FA7CE5CE0}.Debug|x64.Build.0 = Debug|x64
		{78FEF1A1-6DF1-4CBB-A373-AE6FA7CE5CE0}.Debug|x86.ActiveCfg = Debug|Win32
		{78FEF1A1-6DF1-4CBB-A373-AE6FA7CE5CE0}.Debug|x86.Build.0 = Debug|Win32
		{78FEF1A1-6DF1-4CBB-A373-AE6FA7CE5CE0}.Release|x64.ActiveCfg = Release|x64
		{78FEF1A1-6DF1-4CBB-A373-AE6FA7CE5CE0}.Release|x64.Build.0 = Release|x64
		{78FEF1A1-6DF1-4CBB-A373-AE6FA7CE5CE0}.Release|x86.ActiveCfg = Release|Win32
		{78FEF1A1-6DF1-4CBB-A373-AE6FA7CE5CE0}.Release|x86.Build.0 = Release|Win32
		{B5330148-E8C7-46BA-B54E-69BE59EA337D}.Debug|x64.ActiveCfg = Debug|x64
		{B5330148-E8C7-46BA-B54E-69BE59EA337D}.Debug|x64.Build.0 = Debug|x64
		{B5330148-E8C7-46BA-B54E-69BE59EA337D}.Debug|x86.ActiveCfg = Debug|Win32
		{B5330148-E8C7-46BA-B54E-69BE59EA337D}.Debug|x86.Build.0 = Debug|Win32
		{B5330148-E8C7-46BA-B54E-69BE59EA337D}.Release|x64.ActiveCfg = Release|x64
		{B5330148-E8C7-46BA-B54E-69BE59EA337D}.Release|x64.Build.0 = Release|x64
		{B5330148-E8C7-46BA-B54E-69BE59EA337D}.Release|x86.ActiveCfg = Release|Win32
		{B5330148-E8C7-46BA-B54E-69BE59EA337D}.Release|x86.Build.0 = Release|Win32
		{08D83A7E-52A9-451E-A53A-1A7946F8BB77}.Debug|x64.ActiveCfg = Debug|x64
		{08D83A7E-52A9-451E-A53A-1A7946F8BB77}.Debug|x64.Build.0 = Debug|x64
		{08D83A7E-52A9-451E-A53A-1A7946F8BB77}.Debug|x86.ActiveCfg = Debug|x86
		{08D83A7E-52A9-451E-A53A-1A7946F8BB77}.Debug|x86.Build.0 = Debug|x86
		{08D83A7E-52A9-451E-A53A-1A7946F8BB77}.Release|x64.ActiveCfg = Release|x64
		{08D83A7E-52A9-451E-A53A-1A7946F8BB77}.Release|x64.Build.0 = Release|x64
		{08D83A7E-52A9-451E-A53A-1A7946F8BB77}.Release|x86.ActiveCfg = Release|x86
		{08D83A7E-52A9-451E-A53A-1A7946F8BB77}.Release|x86.Build.0 = Release|x86
		{7761E790-B42C-4179-8550-8365FF9EB23E}.Debug|x64.ActiveCfg = Debug|x64
		{7761E790-B42C-4179-8550-8365FF9EB23E}.Debug|x64.Build.0 = Debug|x64
		{7761E790-B42C-4179-8550-8365FF9EB23E}.Debug|x86.ActiveCfg = Debug|Win32
		{7761E790-B42C-4179-8550-8365FF9EB23E}.Debug|x86.Build.0 = Debug|Win32
		{7761E790-B42C-4179-8550-8365FF9EB23E}.Release|x64.ActiveCfg = Release|x64
		{7761E790-B42C-4179-8550-8365FF9EB23E}.Release|x64.Build.0 = Release|x64
		{7761E790-B42C-4179-8550-8365FF9EB23E}.Release|x86.ActiveCfg = Release|Win32
		{7761E790-B42C-4179-8550-8365FF9EB23E}.Release|x86.Build.0 = Release|Win32
		{37749BB2-FA78-4EC9-8990-5628FC0BBA19}.Debug|x64.ActiveCfg = Debug|x64
		{37749BB2-FA78-4EC9-8990-5628FC0BBA19}.Debug|x64.Build.0 = Debug|x64
		{37749BB2-FA78-4EC9-8990-5628FC0BBA19}.Debug|x86.ActiveCfg = Debug|Win32
		{37749BB2-FA78-4EC9-8990-5628FC0BBA19}.Debug|x86.Build.0 = Debug|Win32
		{37749BB2-FA78-4EC9-8990-5628FC0BBA19}.Release|x64.ActiveCfg = Release|x64
		{37749BB2-FA78-4EC9-8990-5628FC0BBA19}.Release|x64.Build.0 = Release|x64
		{37749BB2-FA78-4EC9-8990-5628FC0BBA19}.Release|x86.ActiveCfg = Release|Win32
		{37749BB2-FA78-4EC9-8990-5628FC0BBA19}.Release|x86.Build.0 = Release|Win32
		{38D74EE1-5276-4D24-AABC-104B912A27D2}.Debug|x64.ActiveCfg = Debug|x64
		{38D74EE1-5276-4D24-AABC-104B912A27D2}.Debug|x64.Build.0 = Debug|x64
		{38D74EE1-5276-4D24-AABC-104B912A27D2}.Debug|x86.ActiveCfg = Debug|Win32
		{38D74EE1-5276-4D24-AABC-104B912A27D2}.Debug|x86.Build.0 = Debug|Win32
		{38D74EE1-5276-4D24-AABC-104B912A27D2}.Release|x64.ActiveCfg = Release|x64
		{38D74EE1-5276-4D24-AABC-104B912A27D2}.Release|x64.Build.0 = Release|x64
		{38D74EE1-5276-4D24-AABC-104B912A27D2}.Release|x86.ActiveCfg = Release|Win32
		{38D74EE1-5276-4D24-AABC-104B912A27D2}.Release|x86.Build.0 = Release|Win32
		{CF35D78C-F710-41D2-968F-C46ACCFF6F07}.Debug|x64.ActiveCfg = Debug|x64
		{CF35D78C-F710-41D2-968F-C46ACCFF6F07}.Debug|x64.Build.0 = Debug|x64
		{CF35D78C-F710-41D2-968F-C46ACCFF6F07}.Debug|x86.ActiveCfg = Debug|Win32
		{CF35D78C-F710-41D2-968F-C46ACCFF6F07}.Debug|x86.Build.0 = Debug|Win32
		{CF35D78C-F710-41D2-968F-C46ACCFF6F07}.Release|x64.ActiveCfg = Release|x64
		{CF35D78C-F710-41D2-968F-C46ACCFF6F07}.Release|x86.ActiveCfg = Release|Win32
		{CF35D78C-F710-41D2-968F-C46ACCFF6F07}.Release|x86.Build.0 = Release|Win32
		{2A607369-8B5D-494A-9E40-C5DC8D821AA3}.Debug|x64.ActiveCfg = Debug|x64
		{2A607369-8B5D-494A-9E40-C5DC8D821AA3}.Debug|x64.Build.0 = Debug|x64
		{2A607369-8B5D-494A-9E40-C5DC8D821AA3}.Debug|x86.ActiveCfg = Debug|Win32
		{2A607369-8B5D-494A-9E40-C5DC8D821AA3}.Debug|x86.Build.0 = Debug|Win32
		{2A607369-8B5D-494A-9E40-C5DC8D821AA3}.Release|x64.ActiveCfg = Release|x64
		{2A607369-8B5D-494A-9E40-C5DC8D821AA3}.Release|x64.Build.0 = Release|x64
		{2A607369-8B5D-494A-9E40-C5DC8D821AA3}.Release|x86.ActiveCfg = Release|Win32
		{2A607369-8B5D-494A-9E40-C5DC8D821AA3}.Release|x86.Build.0 = Release|Win32
	EndGlobalSection
	GlobalSection(SolutionProperties) = preSolution
		HideSolutionNode = FALSE
	EndGlobalSection
EndGlobal
