<?xml version="1.0" encoding="utf-8"?>
<Project ToolsVersion="4.0" xmlns="http://schemas.microsoft.com/developer/msbuild/2003">
  <ItemGroup>
    <Filter Include="Source Files">
      <UniqueIdentifier>{4FC737F1-C7A5-4376-A066-2A32D752A2FF}</UniqueIdentifier>
      <Extensions>cpp;c;cc;cxx;def;odl;idl;hpj;bat;asm;asmx</Extensions>
    </Filter>
    <Filter Include="Header Files">
      <UniqueIdentifier>{93995380-89BD-4b04-88EB-625FBE52EBFB}</UniqueIdentifier>
      <Extensions>h;hh;hpp;hxx;hm;inl;inc;xsd</Extensions>
    </Filter>
    <Filter Include="Resource Files">
      <UniqueIdentifier>{67DA6AB6-F800-4c08-8B7A-83BB121AAD01}</UniqueIdentifier>
      <Extensions>rc;ico;cur;bmp;dlg;rc2;rct;bin;rgs;gif;jpg;jpeg;jpe;resx;tiff;tif;png;wav;mfcribbon-ms</Extensions>
    </Filter>
    <Filter Include="Header Files\DirectXTK">
      <UniqueIdentifier>{e3fb11e9-60dd-47df-8444-72d62eb07828}</UniqueIdentifier>
    </Filter>
    <Filter Include="Shaders">
      <UniqueIdentifier>{ac76b5fc-ef73-414c-a9c5-a67ea8c3ed57}</UniqueIdentifier>
    </Filter>
  </ItemGroup>
  <ItemGroup>
    <ClInclude Include="stdafx.h">
      <Filter>Header Files</Filter>
    </ClInclude>
    <ClInclude Include="targetver.h">
      <Filter>Header Files</Filter>
    </ClInclude>
    <ClInclude Include="MainWindow.h">
      <Filter>Header Files</Filter>
    </ClInclude>
    <ClInclude Include="Renderer.h">
      <Filter>Header Files</Filter>
    </ClInclude>
    <ClInclude Include="DirectXTK\Audio.h">
      <Filter>Header Files\DirectXTK</Filter>
    </ClInclude>
    <ClInclude Include="DirectXTK\CommonStates.h">
      <Filter>Header Files\DirectXTK</Filter>
    </ClInclude>
    <ClInclude Include="DirectXTK\DDSTextureLoader.h">
      <Filter>Header Files\DirectXTK</Filter>
    </ClInclude>
    <ClInclude Include="DirectXTK\DirectXHelpers.h">
      <Filter>Header Files\DirectXTK</Filter>
    </ClInclude>
    <ClInclude Include="DirectXTK\Effects.h">
      <Filter>Header Files\DirectXTK</Filter>
    </ClInclude>
    <ClInclude Include="DirectXTK\GeometricPrimitive.h">
      <Filter>Header Files\DirectXTK</Filter>
    </ClInclude>
    <ClInclude Include="DirectXTK\Model.h">
      <Filter>Header Files\DirectXTK</Filter>
    </ClInclude>
    <ClInclude Include="DirectXTK\PrimitiveBatch.h">
      <Filter>Header Files\DirectXTK</Filter>
    </ClInclude>
    <ClInclude Include="Resource.h">
      <Filter>Header Files\DirectXTK</Filter>
    </ClInclude>
    <ClInclude Include="DirectXTK\ScreenGrab.h">
      <Filter>Header Files\DirectXTK</Filter>
    </ClInclude>
    <ClInclude Include="DirectXTK\SimpleMath.h">
      <Filter>Header Files\DirectXTK</Filter>
    </ClInclude>
    <ClInclude Include="DirectXTK\SpriteBatch.h">
      <Filter>Header Files\DirectXTK</Filter>
    </ClInclude>
    <ClInclude Include="DirectXTK\SpriteFont.h">
      <Filter>Header Files\DirectXTK</Filter>
    </ClInclude>
    <ClInclude Include="DirectXTK\VertexTypes.h">
      <Filter>Header Files\DirectXTK</Filter>
    </ClInclude>
    <ClInclude Include="DirectXTK\WICTextureLoader.h">
      <Filter>Header Files\DirectXTK</Filter>
    </ClInclude>
    <ClInclude Include="DirectXTK\XboxDDSTextureLoader.h">
      <Filter>Header Files\DirectXTK</Filter>
    </ClInclude>
  </ItemGroup>
  <ItemGroup>
    <ClCompile Include="stdafx.cpp">
      <Filter>Source Files</Filter>
    </ClCompile>
    <ClCompile Include="MainWindow.cpp">
      <Filter>Source Files</Filter>
    </ClCompile>
    <ClCompile Include="main.cpp">
      <Filter>Source Files</Filter>
    </ClCompile>
    <ClCompile Include="Renderer.cpp">
      <Filter>Source Files</Filter>
    </ClCompile>
  </ItemGroup>
  <ItemGroup>
    <ResourceCompile Include="GUI.rc">
      <Filter>Resource Files</Filter>
    </ResourceCompile>
  </ItemGroup>
  <ItemGroup>
    <Image Include="small.ico">
      <Filter>Resource Files</Filter>
    </Image>
    <Image Include="GUI.ico">
      <Filter>Resource Files</Filter>
    </Image>
  </ItemGroup>
  <ItemGroup>
    <None Include="DirectXTK\SimpleMath.inl">
      <Filter>Header Files\DirectXTK</Filter>
    </None>
  </ItemGroup>
  <ItemGroup>
    <FxCompile Include="Shader.fx">
      <Filter>Shaders</Filter>
    </FxCompile>
  </ItemGroup>
</Project>