<?xml version="1.0" encoding="utf-8"?>
<Project ToolsVersion="4.0" xmlns="http://schemas.microsoft.com/developer/msbuild/2003">
  <ItemGroup>
    <Filter Include="Source Files">
      <UniqueIdentifier>{4FC737F1-C7A5-4376-A066-2A32D752A2FF}</UniqueIdentifier>
      <Extensions>cpp;c;cc;cxx;def;odl;idl;hpj;bat;asm;asmx</Extensions>
    </Filter>
    <Filter Include="Header Files">
      <UniqueIdentifier>{93995380-89BD-4b04-88EB-625FBE52EBFB}</UniqueIdentifier>
      <Extensions>h;hh;hpp;hxx;hm;inl;inc;xsd</Extensions>
    </Filter>
    <Filter Include="Header Files\Interfaces">
      <UniqueIdentifier>{ca661408-b52a-4378-aef4-80fda1d64cd6}</UniqueIdentifier>
    </Filter>
    <Filter Include="Header Files\Mappers">
      <UniqueIdentifier>{67b52e86-0ff2-4dbe-b9ed-7c92aace61d5}</UniqueIdentifier>
    </Filter>
    <Filter Include="Header Files\NetPlay">
      <UniqueIdentifier>{43f375c6-d7c7-4bbf-8520-ad53e4e1b4a3}</UniqueIdentifier>
    </Filter>
    <Filter Include="Source Files\NetPlay">
      <UniqueIdentifier>{44908561-f739-4c26-83db-588a9ef3e33a}</UniqueIdentifier>
    </Filter>
    <Filter Include="Header Files\NetPlay\Messages">
      <UniqueIdentifier>{8455d832-c72b-4ec2-b90d-ac30ad3d3ad8}</UniqueIdentifier>
    </Filter>
    <Filter Include="Debugger">
      <UniqueIdentifier>{ff3c6e48-3987-41d2-8916-b588a457ff30}</UniqueIdentifier>
    </Filter>
    <Filter Include="Header Files\APU">
      <UniqueIdentifier>{d9dec4ba-97e7-4a80-85e1-6b53f5ed7218}</UniqueIdentifier>
    </Filter>
    <Filter Include="Source Files\APU">
      <UniqueIdentifier>{b99fc308-b28a-48b7-9ca8-6e8005bbc2bf}</UniqueIdentifier>
    </Filter>
  </ItemGroup>
  <ItemGroup>
    <ClInclude Include="stdafx.h">
      <Filter>Header Files</Filter>
    </ClInclude>
    <ClInclude Include="CPU.h">
      <Filter>Header Files</Filter>
    </ClInclude>
    <ClInclude Include="PPU.h">
      <Filter>Header Files</Filter>
    </ClInclude>
    <ClInclude Include="MemoryManager.h">
      <Filter>Header Files</Filter>
    </ClInclude>
    <ClInclude Include="ROMLoader.h">
      <Filter>Header Files</Filter>
    </ClInclude>
    <ClInclude Include="Console.h">
      <Filter>Header Files</Filter>
    </ClInclude>
    <ClInclude Include="ControlManager.h">
      <Filter>Header Files</Filter>
    </ClInclude>
    <ClInclude Include="IAudioDevice.h">
      <Filter>Header Files\Interfaces</Filter>
    </ClInclude>
    <ClInclude Include="IControlDevice.h">
      <Filter>Header Files\Interfaces</Filter>
    </ClInclude>
    <ClInclude Include="IMemoryHandler.h">
      <Filter>Header Files\Interfaces</Filter>
    </ClInclude>
    <ClInclude Include="IVideoDevice.h">
      <Filter>Header Files\Interfaces</Filter>
    </ClInclude>
    <ClInclude Include="BaseMapper.h">
      <Filter>Header Files\Mappers</Filter>
    </ClInclude>
    <ClInclude Include="MapperFactory.h">
      <Filter>Header Files\Mappers</Filter>
    </ClInclude>
    <ClInclude Include="MMC1.h">
      <Filter>Header Files\Mappers</Filter>
    </ClInclude>
    <ClInclude Include="NROM.h">
      <Filter>Header Files\Mappers</Filter>
    </ClInclude>
    <ClInclude Include="CNROM.h">
      <Filter>Header Files\Mappers</Filter>
    </ClInclude>
    <ClInclude Include="UNROM.h">
      <Filter>Header Files\Mappers</Filter>
    </ClInclude>
    <ClInclude Include="MMC3.h">
      <Filter>Header Files\Mappers</Filter>
    </ClInclude>
    <ClInclude Include="Snapshotable.h">
      <Filter>Header Files\Interfaces</Filter>
    </ClInclude>
    <ClInclude Include="AXROM.h">
      <Filter>Header Files\Mappers</Filter>
    </ClInclude>
    <ClInclude Include="MMC2.h">
      <Filter>Header Files\Mappers</Filter>
    </ClInclude>
    <ClInclude Include="ColorDreams.h">
      <Filter>Header Files\Mappers</Filter>
    </ClInclude>
    <ClInclude Include="Movie.h">
      <Filter>Header Files</Filter>
    </ClInclude>
    <ClInclude Include="GameConnection.h">
      <Filter>Header Files\NetPlay</Filter>
    </ClInclude>
    <ClInclude Include="GameClient.h">
      <Filter>Header Files\NetPlay</Filter>
    </ClInclude>
    <ClInclude Include="GameServer.h">
      <Filter>Header Files\NetPlay</Filter>
    </ClInclude>
    <ClInclude Include="VirtualController.h">
      <Filter>Header Files\NetPlay</Filter>
    </ClInclude>
    <ClInclude Include="IGameBroadcaster.h">
      <Filter>Header Files\NetPlay</Filter>
    </ClInclude>
    <ClInclude Include="GameClientConnection.h">
      <Filter>Header Files\NetPlay</Filter>
    </ClInclude>
    <ClInclude Include="GameServerConnection.h">
      <Filter>Header Files\NetPlay</Filter>
    </ClInclude>
    <ClInclude Include="IMessageManager.h">
      <Filter>Header Files\Interfaces</Filter>
    </ClInclude>
    <ClInclude Include="VRC2_4.h">
      <Filter>Header Files\Mappers</Filter>
    </ClInclude>
    <ClInclude Include="NetMessage.h">
      <Filter>Header Files\NetPlay\Messages</Filter>
    </ClInclude>
    <ClInclude Include="HandShakeMessage.h">
      <Filter>Header Files\NetPlay\Messages</Filter>
    </ClInclude>
    <ClInclude Include="InputDataMessage.h">
      <Filter>Header Files\NetPlay\Messages</Filter>
    </ClInclude>
    <ClInclude Include="SaveStateMessage.h">
      <Filter>Header Files\NetPlay\Messages</Filter>
    </ClInclude>
    <ClInclude Include="MovieDataMessage.h">
      <Filter>Header Files\NetPlay\Messages</Filter>
    </ClInclude>
    <ClInclude Include="GameInformationMessage.h">
      <Filter>Header Files\NetPlay\Messages</Filter>
    </ClInclude>
    <ClInclude Include="MessageType.h">
      <Filter>Header Files\NetPlay\Messages</Filter>
    </ClInclude>
    <ClInclude Include="INotificationListener.h">
      <Filter>Header Files\Interfaces</Filter>
    </ClInclude>
    <ClInclude Include="Nanjing.h">
      <Filter>Header Files\Mappers</Filter>
    </ClInclude>
    <ClInclude Include="MMC3_189.h">
      <Filter>Header Files\Mappers</Filter>
    </ClInclude>
    <ClInclude Include="Debugger.h">
      <Filter>Debugger</Filter>
    </ClInclude>
    <ClInclude Include="Disassembler.h">
      <Filter>Debugger</Filter>
    </ClInclude>
    <ClInclude Include="DisassemblyInfo.h">
      <Filter>Debugger</Filter>
    </ClInclude>
    <ClInclude Include="Breakpoint.h">
      <Filter>Debugger</Filter>
    </ClInclude>
    <ClInclude Include="ClientConnectionData.h">
      <Filter>Header Files\NetPlay</Filter>
    </ClInclude>
    <ClInclude Include="SaveStateManager.h">
      <Filter>Header Files</Filter>
    </ClInclude>
    <ClInclude Include="MessageManager.h">
      <Filter>Header Files</Filter>
    </ClInclude>
    <ClInclude Include="CheatManager.h">
      <Filter>Header Files</Filter>
    </ClInclude>
    <ClInclude Include="IKeyManager.h">
      <Filter>Header Files\Interfaces</Filter>
    </ClInclude>
    <ClInclude Include="StandardController.h">
      <Filter>Header Files</Filter>
    </ClInclude>
    <ClInclude Include="SquareChannel.h">
      <Filter>Header Files\APU</Filter>
    </ClInclude>
    <ClInclude Include="APU.h">
      <Filter>Header Files\APU</Filter>
    </ClInclude>
    <ClInclude Include="ApuLengthCounter.h">
      <Filter>Header Files\APU</Filter>
    </ClInclude>
    <ClInclude Include="ApuEnvelope.h">
      <Filter>Header Files\APU</Filter>
    </ClInclude>
    <ClInclude Include="ApuFrameCounter.h">
      <Filter>Header Files\APU</Filter>
    </ClInclude>
    <ClInclude Include="TriangleChannel.h">
      <Filter>Header Files\APU</Filter>
    </ClInclude>
    <ClInclude Include="NoiseChannel.h">
      <Filter>Header Files\APU</Filter>
    </ClInclude>
    <ClInclude Include="BaseApuChannel.h">
      <Filter>Header Files\APU</Filter>
    </ClInclude>
    <ClInclude Include="DeltaModulationChannel.h">
      <Filter>Header Files\APU</Filter>
    </ClInclude>
    <ClInclude Include="EmulationSettings.h">
      <Filter>Header Files</Filter>
    </ClInclude>
    <ClInclude Include="VideoDecoder.h">
      <Filter>Header Files</Filter>
    </ClInclude>
  </ItemGroup>
  <ItemGroup>
    <ClCompile Include="CPU.cpp">
      <Filter>Source Files</Filter>
    </ClCompile>
    <ClCompile Include="stdafx.cpp">
      <Filter>Source Files</Filter>
    </ClCompile>
    <ClCompile Include="PPU.cpp">
      <Filter>Source Files</Filter>
    </ClCompile>
    <ClCompile Include="MemoryManager.cpp">
      <Filter>Source Files</Filter>
    </ClCompile>
    <ClCompile Include="Console.cpp">
      <Filter>Source Files</Filter>
    </ClCompile>
    <ClCompile Include="ControlManager.cpp">
      <Filter>Source Files</Filter>
    </ClCompile>
    <ClCompile Include="Movie.cpp">
      <Filter>Source Files</Filter>
    </ClCompile>
    <ClCompile Include="GameServer.cpp">
      <Filter>Source Files\NetPlay</Filter>
    </ClCompile>
    <ClCompile Include="GameClient.cpp">
      <Filter>Source Files\NetPlay</Filter>
    </ClCompile>
    <ClCompile Include="GameClientConnection.cpp">
      <Filter>Source Files\NetPlay</Filter>
    </ClCompile>
    <ClCompile Include="GameConnection.cpp">
      <Filter>Source Files\NetPlay</Filter>
    </ClCompile>
    <ClCompile Include="GameServerConnection.cpp">
      <Filter>Source Files\NetPlay</Filter>
    </ClCompile>
    <ClCompile Include="VirtualController.cpp">
      <Filter>Source Files\NetPlay</Filter>
    </ClCompile>
    <ClCompile Include="MapperFactory.cpp">
      <Filter>Source Files</Filter>
    </ClCompile>
    <ClCompile Include="Debugger.cpp">
      <Filter>Debugger</Filter>
    </ClCompile>
    <ClCompile Include="Disassembler.cpp">
      <Filter>Debugger</Filter>
    </ClCompile>
    <ClCompile Include="DisassemblyInfo.cpp">
      <Filter>Debugger</Filter>
    </ClCompile>
    <ClCompile Include="Breakpoint.cpp">
      <Filter>Debugger</Filter>
    </ClCompile>
    <ClCompile Include="SaveStateManager.cpp">
      <Filter>Source Files</Filter>
    </ClCompile>
    <ClCompile Include="MessageManager.cpp">
      <Filter>Source Files</Filter>
    </ClCompile>
    <ClCompile Include="CheatManager.cpp">
      <Filter>Source Files</Filter>
    </ClCompile>
    <ClCompile Include="StandardController.cpp">
      <Filter>Source Files</Filter>
    </ClCompile>
    <ClCompile Include="APU.cpp">
      <Filter>Source Files\APU</Filter>
    </ClCompile>
    <ClCompile Include="EmulationSettings.cpp">
      <Filter>Source Files</Filter>
    </ClCompile>
    <ClCompile Include="ApuLengthCounter.cpp">
      <Filter>Source Files\APU</Filter>
    </ClCompile>
    <ClCompile Include="VideoDecoder.cpp">
      <Filter>Source Files</Filter>
    </ClCompile>
  </ItemGroup>
</Project>