<?xml version="1.0" encoding="utf-8"?>
<Project ToolsVersion="4.0" xmlns="http://schemas.microsoft.com/developer/msbuild/2003">
  <ItemGroup>
    <Filter Include="Source Files">
      <UniqueIdentifier>{4FC737F1-C7A5-4376-A066-2A32D752A2FF}</UniqueIdentifier>
      <Extensions>cpp;c;cc;cxx;def;odl;idl;hpj;bat;asm;asmx</Extensions>
    </Filter>
    <Filter Include="Header Files">
      <UniqueIdentifier>{93995380-89BD-4b04-88EB-625FBE52EBFB}</UniqueIdentifier>
      <Extensions>h;hh;hpp;hxx;hm;inl;inc;xsd</Extensions>
    </Filter>
    <Filter Include="Debugger">
      <UniqueIdentifier>{ff3c6e48-3987-41d2-8916-b588a457ff30}</UniqueIdentifier>
    </Filter>
    <Filter Include="VideoDecoder">
      <UniqueIdentifier>{de7ff5ea-3ef4-4181-86f6-b00335d15f4b}</UniqueIdentifier>
    </Filter>
    <Filter Include="NetPlay">
      <UniqueIdentifier>{00fd928d-e9aa-45ba-84e9-34f1519709e2}</UniqueIdentifier>
    </Filter>
    <Filter Include="NetPlay\Messages">
      <UniqueIdentifier>{8455d832-c72b-4ec2-b90d-ac30ad3d3ad8}</UniqueIdentifier>
    </Filter>
    <Filter Include="Nes">
      <UniqueIdentifier>{efa932b2-780a-45f1-b95e-51a0e7be4922}</UniqueIdentifier>
    </Filter>
    <Filter Include="Nes\Mappers">
      <UniqueIdentifier>{67b52e86-0ff2-4dbe-b9ed-7c92aace61d5}</UniqueIdentifier>
    </Filter>
    <Filter Include="Nes\APU">
      <UniqueIdentifier>{d9dec4ba-97e7-4a80-85e1-6b53f5ed7218}</UniqueIdentifier>
    </Filter>
    <Filter Include="Nes\Interfaces">
      <UniqueIdentifier>{ca661408-b52a-4378-aef4-80fda1d64cd6}</UniqueIdentifier>
    </Filter>
    <Filter Include="VideoDecoder\HD">
      <UniqueIdentifier>{a6994cb5-f9d2-416c-84ab-c1abe4975eb1}</UniqueIdentifier>
    </Filter>
  </ItemGroup>
  <ItemGroup>
    <ClInclude Include="stdafx.h">
      <Filter>Header Files</Filter>
    </ClInclude>
    <ClInclude Include="IAudioDevice.h">
      <Filter>Nes\Interfaces</Filter>
    </ClInclude>
    <ClInclude Include="IControlDevice.h">
      <Filter>Nes\Interfaces</Filter>
    </ClInclude>
    <ClInclude Include="IMemoryHandler.h">
      <Filter>Nes\Interfaces</Filter>
    </ClInclude>
    <ClInclude Include="BaseMapper.h">
      <Filter>Nes\Mappers</Filter>
    </ClInclude>
    <ClInclude Include="MapperFactory.h">
      <Filter>Nes\Mappers</Filter>
    </ClInclude>
    <ClInclude Include="MMC1.h">
      <Filter>Nes\Mappers</Filter>
    </ClInclude>
    <ClInclude Include="NROM.h">
      <Filter>Nes\Mappers</Filter>
    </ClInclude>
    <ClInclude Include="CNROM.h">
      <Filter>Nes\Mappers</Filter>
    </ClInclude>
    <ClInclude Include="UNROM.h">
      <Filter>Nes\Mappers</Filter>
    </ClInclude>
    <ClInclude Include="MMC3.h">
      <Filter>Nes\Mappers</Filter>
    </ClInclude>
    <ClInclude Include="Snapshotable.h">
      <Filter>Nes\Interfaces</Filter>
    </ClInclude>
    <ClInclude Include="AXROM.h">
      <Filter>Nes\Mappers</Filter>
    </ClInclude>
    <ClInclude Include="MMC2.h">
      <Filter>Nes\Mappers</Filter>
    </ClInclude>
    <ClInclude Include="ColorDreams.h">
      <Filter>Nes\Mappers</Filter>
    </ClInclude>
    <ClInclude Include="Movie.h">
      <Filter>Header Files</Filter>
    </ClInclude>
    <ClInclude Include="IMessageManager.h">
      <Filter>Nes\Interfaces</Filter>
    </ClInclude>
    <ClInclude Include="VRC2_4.h">
      <Filter>Nes\Mappers</Filter>
    </ClInclude>
    <ClInclude Include="NetMessage.h">
      <Filter>NetPlay\Messages</Filter>
    </ClInclude>
    <ClInclude Include="HandShakeMessage.h">
      <Filter>NetPlay\Messages</Filter>
    </ClInclude>
    <ClInclude Include="InputDataMessage.h">
      <Filter>NetPlay\Messages</Filter>
    </ClInclude>
    <ClInclude Include="SaveStateMessage.h">
      <Filter>NetPlay\Messages</Filter>
    </ClInclude>
    <ClInclude Include="MovieDataMessage.h">
      <Filter>NetPlay\Messages</Filter>
    </ClInclude>
    <ClInclude Include="GameInformationMessage.h">
      <Filter>NetPlay\Messages</Filter>
    </ClInclude>
    <ClInclude Include="MessageType.h">
      <Filter>NetPlay\Messages</Filter>
    </ClInclude>
    <ClInclude Include="INotificationListener.h">
      <Filter>Nes\Interfaces</Filter>
    </ClInclude>
    <ClInclude Include="Nanjing.h">
      <Filter>Nes\Mappers</Filter>
    </ClInclude>
    <ClInclude Include="MMC3_189.h">
      <Filter>Nes\Mappers</Filter>
    </ClInclude>
    <ClInclude Include="Debugger.h">
      <Filter>Debugger</Filter>
    </ClInclude>
    <ClInclude Include="Disassembler.h">
      <Filter>Debugger</Filter>
    </ClInclude>
    <ClInclude Include="DisassemblyInfo.h">
      <Filter>Debugger</Filter>
    </ClInclude>
    <ClInclude Include="Breakpoint.h">
      <Filter>Debugger</Filter>
    </ClInclude>
    <ClInclude Include="SaveStateManager.h">
      <Filter>Header Files</Filter>
    </ClInclude>
    <ClInclude Include="MessageManager.h">
      <Filter>Header Files</Filter>
    </ClInclude>
    <ClInclude Include="IKeyManager.h">
      <Filter>Nes\Interfaces</Filter>
    </ClInclude>
    <ClInclude Include="SquareChannel.h">
      <Filter>Nes\APU</Filter>
    </ClInclude>
    <ClInclude Include="APU.h">
      <Filter>Nes\APU</Filter>
    </ClInclude>
    <ClInclude Include="ApuLengthCounter.h">
      <Filter>Nes\APU</Filter>
    </ClInclude>
    <ClInclude Include="ApuEnvelope.h">
      <Filter>Nes\APU</Filter>
    </ClInclude>
    <ClInclude Include="ApuFrameCounter.h">
      <Filter>Nes\APU</Filter>
    </ClInclude>
    <ClInclude Include="TriangleChannel.h">
      <Filter>Nes\APU</Filter>
    </ClInclude>
    <ClInclude Include="NoiseChannel.h">
      <Filter>Nes\APU</Filter>
    </ClInclude>
    <ClInclude Include="BaseApuChannel.h">
      <Filter>Nes\APU</Filter>
    </ClInclude>
    <ClInclude Include="DeltaModulationChannel.h">
      <Filter>Nes\APU</Filter>
    </ClInclude>
    <ClInclude Include="EmulationSettings.h">
      <Filter>Header Files</Filter>
    </ClInclude>
    <ClInclude Include="BF909x.h">
      <Filter>Nes\Mappers</Filter>
    </ClInclude>
    <ClInclude Include="MMC5.h">
      <Filter>Nes\Mappers</Filter>
    </ClInclude>
    <ClInclude Include="HdNesPack.h">
      <Filter>VideoDecoder\HD</Filter>
    </ClInclude>
    <ClInclude Include="HdPpu.h">
      <Filter>VideoDecoder\HD</Filter>
    </ClInclude>
    <ClInclude Include="CodeDataLogger.h">
      <Filter>Debugger</Filter>
    </ClInclude>
    <ClInclude Include="IRenderingDevice.h">
      <Filter>Nes\Interfaces</Filter>
    </ClInclude>
    <ClInclude Include="AutoRomTest.h">
      <Filter>Header Files</Filter>
    </ClInclude>
    <ClInclude Include="MMC4.h">
      <Filter>Nes\Mappers</Filter>
    </ClInclude>
    <ClInclude Include="CpRom.h">
      <Filter>Nes\Mappers</Filter>
    </ClInclude>
    <ClInclude Include="JalecoSs88006.h">
      <Filter>Nes\Mappers</Filter>
    </ClInclude>
    <ClInclude Include="IremG101.h">
      <Filter>Nes\Mappers</Filter>
    </ClInclude>
    <ClInclude Include="TaitoTc0190.h">
      <Filter>Nes\Mappers</Filter>
    </ClInclude>
    <ClInclude Include="GxRom.h">
      <Filter>Nes\Mappers</Filter>
    </ClInclude>
    <ClInclude Include="UnlPci556.h">
      <Filter>Nes\Mappers</Filter>
    </ClInclude>
    <ClInclude Include="Nina03_06.h">
      <Filter>Nes\Mappers</Filter>
    </ClInclude>
    <ClInclude Include="JalecoJfxx.h">
      <Filter>Nes\Mappers</Filter>
    </ClInclude>
    <ClInclude Include="Bandai74161_7432.h">
      <Filter>Nes\Mappers</Filter>
    </ClInclude>
    <ClInclude Include="TaitoX1005.h">
      <Filter>Nes\Mappers</Filter>
    </ClInclude>
    <ClInclude Include="Sunsoft89.h">
      <Filter>Nes\Mappers</Filter>
    </ClInclude>
    <ClInclude Include="Sunsoft93.h">
      <Filter>Nes\Mappers</Filter>
    </ClInclude>
    <ClInclude Include="Sunsoft184.h">
      <Filter>Nes\Mappers</Filter>
    </ClInclude>
    <ClInclude Include="BnRom.h">
      <Filter>Nes\Mappers</Filter>
    </ClInclude>
    <ClInclude Include="Nina01.h">
      <Filter>Nes\Mappers</Filter>
    </ClInclude>
    <ClInclude Include="Sachen_147.h">
      <Filter>Nes\Mappers</Filter>
    </ClInclude>
    <ClInclude Include="Sachen_145.h">
      <Filter>Nes\Mappers</Filter>
    </ClInclude>
    <ClInclude Include="Sachen_149.h">
      <Filter>Nes\Mappers</Filter>
    </ClInclude>
    <ClInclude Include="Sachen_148.h">
      <Filter>Nes\Mappers</Filter>
    </ClInclude>
    <ClInclude Include="Namco108.h">
      <Filter>Nes\Mappers</Filter>
    </ClInclude>
    <ClInclude Include="Namco108_76.h">
      <Filter>Nes\Mappers</Filter>
    </ClInclude>
    <ClInclude Include="Namco108_88.h">
      <Filter>Nes\Mappers</Filter>
    </ClInclude>
    <ClInclude Include="Namco108_154.h">
      <Filter>Nes\Mappers</Filter>
    </ClInclude>
    <ClInclude Include="Namco108_95.h">
      <Filter>Nes\Mappers</Filter>
    </ClInclude>
    <ClInclude Include="DefaultVideoFilter.h">
      <Filter>VideoDecoder</Filter>
    </ClInclude>
    <ClInclude Include="VideoDecoder.h">
      <Filter>VideoDecoder</Filter>
    </ClInclude>
    <ClInclude Include="BaseVideoFilter.h">
      <Filter>VideoDecoder</Filter>
    </ClInclude>
    <ClInclude Include="NtscFilter.h">
      <Filter>VideoDecoder</Filter>
    </ClInclude>
    <ClInclude Include="ClientConnectionData.h">
      <Filter>NetPlay</Filter>
    </ClInclude>
    <ClInclude Include="GameClient.h">
      <Filter>NetPlay</Filter>
    </ClInclude>
    <ClInclude Include="GameClientConnection.h">
      <Filter>NetPlay</Filter>
    </ClInclude>
    <ClInclude Include="GameConnection.h">
      <Filter>NetPlay</Filter>
    </ClInclude>
    <ClInclude Include="GameServer.h">
      <Filter>NetPlay</Filter>
    </ClInclude>
    <ClInclude Include="GameServerConnection.h">
      <Filter>NetPlay</Filter>
    </ClInclude>
    <ClInclude Include="IGameBroadcaster.h">
      <Filter>NetPlay</Filter>
    </ClInclude>
    <ClInclude Include="VirtualController.h">
      <Filter>NetPlay</Filter>
    </ClInclude>
    <ClInclude Include="Console.h">
      <Filter>Nes</Filter>
    </ClInclude>
    <ClInclude Include="ControlManager.h">
      <Filter>Nes</Filter>
    </ClInclude>
    <ClInclude Include="CheatManager.h">
      <Filter>Nes</Filter>
    </ClInclude>
    <ClInclude Include="MemoryManager.h">
      <Filter>Nes</Filter>
    </ClInclude>
    <ClInclude Include="PPU.h">
      <Filter>Nes</Filter>
    </ClInclude>
    <ClInclude Include="ROMLoader.h">
      <Filter>Nes</Filter>
    </ClInclude>
    <ClInclude Include="StandardController.h">
      <Filter>Nes</Filter>
    </ClInclude>
    <ClInclude Include="CPU.h">
      <Filter>Nes</Filter>
    </ClInclude>
    <ClInclude Include="HdVideoFilter.h">
      <Filter>VideoDecoder\HD</Filter>
    </ClInclude>
    <ClInclude Include="ExpressionEvaluator.h">
      <Filter>Debugger</Filter>
    </ClInclude>
    <ClInclude Include="TraceLogger.h">
      <Filter>Debugger</Filter>
    </ClInclude>
    <ClInclude Include="DebugState.h">
      <Filter>Debugger</Filter>
    </ClInclude>
    <ClInclude Include="SoundMixer.h">
      <Filter>Nes\APU</Filter>
    </ClInclude>
  </ItemGroup>
  <ItemGroup>
    <ClCompile Include="stdafx.cpp">
      <Filter>Source Files</Filter>
    </ClCompile>
    <ClCompile Include="Movie.cpp">
      <Filter>Source Files</Filter>
    </ClCompile>
    <ClCompile Include="Debugger.cpp">
      <Filter>Debugger</Filter>
    </ClCompile>
    <ClCompile Include="Disassembler.cpp">
      <Filter>Debugger</Filter>
    </ClCompile>
    <ClCompile Include="DisassemblyInfo.cpp">
      <Filter>Debugger</Filter>
    </ClCompile>
    <ClCompile Include="Breakpoint.cpp">
      <Filter>Debugger</Filter>
    </ClCompile>
    <ClCompile Include="SaveStateManager.cpp">
      <Filter>Source Files</Filter>
    </ClCompile>
    <ClCompile Include="MessageManager.cpp">
      <Filter>Source Files</Filter>
    </ClCompile>
    <ClCompile Include="EmulationSettings.cpp">
      <Filter>Source Files</Filter>
    </ClCompile>
    <ClCompile Include="CodeDataLogger.cpp">
      <Filter>Debugger</Filter>
    </ClCompile>
    <ClCompile Include="AutoRomTest.cpp">
      <Filter>Source Files</Filter>
    </ClCompile>
    <ClCompile Include="VRC1.h">
      <Filter>Nes\Mappers</Filter>
    </ClCompile>
    <ClCompile Include="BaseVideoFilter.cpp">
      <Filter>VideoDecoder</Filter>
    </ClCompile>
    <ClCompile Include="DefaultVideoFilter.cpp">
      <Filter>VideoDecoder</Filter>
    </ClCompile>
    <ClCompile Include="VideoDecoder.cpp">
      <Filter>VideoDecoder</Filter>
    </ClCompile>
    <ClCompile Include="NtscFilter.cpp">
      <Filter>VideoDecoder</Filter>
    </ClCompile>
    <ClCompile Include="GameClient.cpp">
      <Filter>NetPlay</Filter>
    </ClCompile>
    <ClCompile Include="GameClientConnection.cpp">
      <Filter>NetPlay</Filter>
    </ClCompile>
    <ClCompile Include="GameConnection.cpp">
      <Filter>NetPlay</Filter>
    </ClCompile>
    <ClCompile Include="GameServer.cpp">
      <Filter>NetPlay</Filter>
    </ClCompile>
    <ClCompile Include="GameServerConnection.cpp">
      <Filter>NetPlay</Filter>
    </ClCompile>
    <ClCompile Include="VirtualController.cpp">
      <Filter>NetPlay</Filter>
    </ClCompile>
    <ClCompile Include="Console.cpp">
      <Filter>Nes</Filter>
    </ClCompile>
    <ClCompile Include="CPU.cpp">
      <Filter>Nes</Filter>
    </ClCompile>
    <ClCompile Include="ControlManager.cpp">
      <Filter>Nes</Filter>
    </ClCompile>
    <ClCompile Include="MapperFactory.cpp">
      <Filter>Nes</Filter>
    </ClCompile>
    <ClCompile Include="MemoryManager.cpp">
      <Filter>Nes</Filter>
    </ClCompile>
    <ClCompile Include="PPU.cpp">
      <Filter>Nes</Filter>
    </ClCompile>
    <ClCompile Include="StandardController.cpp">
      <Filter>Nes</Filter>
    </ClCompile>
    <ClCompile Include="CheatManager.cpp">
      <Filter>Nes</Filter>
    </ClCompile>
    <ClCompile Include="APU.cpp">
      <Filter>Nes\APU</Filter>
    </ClCompile>
    <ClCompile Include="ApuLengthCounter.cpp">
      <Filter>Nes\APU</Filter>
    </ClCompile>
    <ClCompile Include="DeltaModulationChannel.cpp">
      <Filter>Nes\APU</Filter>
    </ClCompile>
    <ClCompile Include="HdVideoFilter.cpp">
      <Filter>VideoDecoder\HD</Filter>
    </ClCompile>
    <ClCompile Include="ExpressionEvaluator.cpp">
      <Filter>Debugger</Filter>
    </ClCompile>
    <ClCompile Include="TraceLogger.cpp">
      <Filter>Debugger</Filter>
    </ClCompile>
    <ClCompile Include="SoundMixer.cpp">
      <Filter>Nes\APU</Filter>
    </ClCompile>
  </ItemGroup>
</Project>