<?xml version="1.0" encoding="utf-8"?>
<Project ToolsVersion="4.0" xmlns="http://schemas.microsoft.com/developer/msbuild/2003">
  <ItemGroup>
    <Filter Include="Debugger">
      <UniqueIdentifier>{ff3c6e48-3987-41d2-8916-b588a457ff30}</UniqueIdentifier>
    </Filter>
    <Filter Include="VideoDecoder">
      <UniqueIdentifier>{de7ff5ea-3ef4-4181-86f6-b00335d15f4b}</UniqueIdentifier>
    </Filter>
    <Filter Include="NetPlay">
      <UniqueIdentifier>{00fd928d-e9aa-45ba-84e9-34f1519709e2}</UniqueIdentifier>
    </Filter>
    <Filter Include="NetPlay\Messages">
      <UniqueIdentifier>{8455d832-c72b-4ec2-b90d-ac30ad3d3ad8}</UniqueIdentifier>
    </Filter>
    <Filter Include="Nes">
      <UniqueIdentifier>{efa932b2-780a-45f1-b95e-51a0e7be4922}</UniqueIdentifier>
    </Filter>
    <Filter Include="Nes\Mappers">
      <UniqueIdentifier>{67b52e86-0ff2-4dbe-b9ed-7c92aace61d5}</UniqueIdentifier>
    </Filter>
    <Filter Include="Nes\APU">
      <UniqueIdentifier>{d9dec4ba-97e7-4a80-85e1-6b53f5ed7218}</UniqueIdentifier>
    </Filter>
    <Filter Include="Nes\Interfaces">
      <UniqueIdentifier>{ca661408-b52a-4378-aef4-80fda1d64cd6}</UniqueIdentifier>
    </Filter>
    <Filter Include="VideoDecoder\HD">
      <UniqueIdentifier>{a6994cb5-f9d2-416c-84ab-c1abe4975eb1}</UniqueIdentifier>
    </Filter>
    <Filter Include="Nes\RomLoader">
      <UniqueIdentifier>{cfdbaafc-8e74-4e09-80fd-30f8bc833c88}</UniqueIdentifier>
    </Filter>
    <Filter Include="Nes\Mappers\MMC">
      <UniqueIdentifier>{264ce0a6-616f-4098-8d7d-645d1fa3672b}</UniqueIdentifier>
    </Filter>
    <Filter Include="Nes\Mappers\Unnamed">
      <UniqueIdentifier>{d2059959-ca5c-48ae-8b55-b84cd0d65633}</UniqueIdentifier>
    </Filter>
    <Filter Include="Nes\Mappers\Sunsoft">
      <UniqueIdentifier>{82a608bc-1b40-4551-9c82-b4c9fdfe60f0}</UniqueIdentifier>
    </Filter>
    <Filter Include="Nes\Mappers\Irem">
      <UniqueIdentifier>{c99c645d-703b-471a-a01b-97375bfb3aaf}</UniqueIdentifier>
    </Filter>
    <Filter Include="Nes\Mappers\Sachen">
      <UniqueIdentifier>{4d835f6a-a005-4f62-8c6b-d5cdb9d96dd2}</UniqueIdentifier>
    </Filter>
    <Filter Include="Nes\Mappers\Namco">
      <UniqueIdentifier>{609b9f1a-b212-4322-b835-f68cd59e6c8a}</UniqueIdentifier>
    </Filter>
    <Filter Include="Nes\Mappers\Jaleco">
      <UniqueIdentifier>{b3fac043-0477-496b-80d1-77c4969262e3}</UniqueIdentifier>
    </Filter>
    <Filter Include="Nes\Mappers\FDS">
      <UniqueIdentifier>{4a7af167-f6cb-4173-b7ca-04ed7c5858b1}</UniqueIdentifier>
    </Filter>
    <Filter Include="Nes\Controllers">
      <UniqueIdentifier>{acd315c2-48ad-4243-a997-bb9a970c24bd}</UniqueIdentifier>
    </Filter>
    <Filter Include="Nes\APU\Filters">
      <UniqueIdentifier>{783f3638-4293-480f-b525-2485c4209ff5}</UniqueIdentifier>
    </Filter>
    <Filter Include="Nes\Mappers\Taito">
      <UniqueIdentifier>{1d706c9e-639f-4da0-a7ce-50d04b2b6a7e}</UniqueIdentifier>
    </Filter>
    <Filter Include="Misc">
      <UniqueIdentifier>{4FC737F1-C7A5-4376-A066-2A32D752A2FF}</UniqueIdentifier>
      <Extensions>cpp;c;cc;cxx;def;odl;idl;hpj;bat;asm;asmx</Extensions>
    </Filter>
    <Filter Include="Nes\Mappers\VRC">
      <UniqueIdentifier>{0de6642c-1ea6-4872-b21f-2c3009eee9ad}</UniqueIdentifier>
    </Filter>
    <Filter Include="Nes\Mappers\Bandai">
      <UniqueIdentifier>{2d5cebc1-c803-457f-bdeb-3c9dfba704ea}</UniqueIdentifier>
    </Filter>
    <Filter Include="Nes\Mappers\Waixing">
      <UniqueIdentifier>{a47ffe4e-02b9-43a0-a3d6-b4943c9aade4}</UniqueIdentifier>
    </Filter>
    <Filter Include="Nes\Mappers\Kaiser">
      <UniqueIdentifier>{9b0da03f-174e-403b-b988-394f32d4e1d3}</UniqueIdentifier>
    </Filter>
    <Filter Include="Nes\Mappers\Txc">
      <UniqueIdentifier>{c877c2a1-f79e-4a58-82d2-f4318e21ff81}</UniqueIdentifier>
    </Filter>
    <Filter Include="Nes\Mappers\Unif">
      <UniqueIdentifier>{285b5df6-08c8-4d6e-8fe9-a499ffcf8c1e}</UniqueIdentifier>
    </Filter>
  </ItemGroup>
  <ItemGroup>
    <ClInclude Include="IAudioDevice.h">
      <Filter>Nes\Interfaces</Filter>
    </ClInclude>
    <ClInclude Include="IMemoryHandler.h">
      <Filter>Nes\Interfaces</Filter>
    </ClInclude>
    <ClInclude Include="MapperFactory.h">
      <Filter>Nes\Mappers</Filter>
    </ClInclude>
    <ClInclude Include="NROM.h">
      <Filter>Nes\Mappers</Filter>
    </ClInclude>
    <ClInclude Include="CNROM.h">
      <Filter>Nes\Mappers</Filter>
    </ClInclude>
    <ClInclude Include="UNROM.h">
      <Filter>Nes\Mappers</Filter>
    </ClInclude>
    <ClInclude Include="AXROM.h">
      <Filter>Nes\Mappers</Filter>
    </ClInclude>
    <ClInclude Include="ColorDreams.h">
      <Filter>Nes\Mappers</Filter>
    </ClInclude>
    <ClInclude Include="IMessageManager.h">
      <Filter>Nes\Interfaces</Filter>
    </ClInclude>
    <ClInclude Include="NetMessage.h">
      <Filter>NetPlay\Messages</Filter>
    </ClInclude>
    <ClInclude Include="HandShakeMessage.h">
      <Filter>NetPlay\Messages</Filter>
    </ClInclude>
    <ClInclude Include="InputDataMessage.h">
      <Filter>NetPlay\Messages</Filter>
    </ClInclude>
    <ClInclude Include="SaveStateMessage.h">
      <Filter>NetPlay\Messages</Filter>
    </ClInclude>
    <ClInclude Include="MovieDataMessage.h">
      <Filter>NetPlay\Messages</Filter>
    </ClInclude>
    <ClInclude Include="GameInformationMessage.h">
      <Filter>NetPlay\Messages</Filter>
    </ClInclude>
    <ClInclude Include="MessageType.h">
      <Filter>NetPlay\Messages</Filter>
    </ClInclude>
    <ClInclude Include="INotificationListener.h">
      <Filter>Nes\Interfaces</Filter>
    </ClInclude>
    <ClInclude Include="Nanjing.h">
      <Filter>Nes\Mappers</Filter>
    </ClInclude>
    <ClInclude Include="Debugger.h">
      <Filter>Debugger</Filter>
    </ClInclude>
    <ClInclude Include="Disassembler.h">
      <Filter>Debugger</Filter>
    </ClInclude>
    <ClInclude Include="DisassemblyInfo.h">
      <Filter>Debugger</Filter>
    </ClInclude>
    <ClInclude Include="Breakpoint.h">
      <Filter>Debugger</Filter>
    </ClInclude>
    <ClInclude Include="IKeyManager.h">
      <Filter>Nes\Interfaces</Filter>
    </ClInclude>
    <ClInclude Include="SquareChannel.h">
      <Filter>Nes\APU</Filter>
    </ClInclude>
    <ClInclude Include="APU.h">
      <Filter>Nes\APU</Filter>
    </ClInclude>
    <ClInclude Include="ApuLengthCounter.h">
      <Filter>Nes\APU</Filter>
    </ClInclude>
    <ClInclude Include="ApuEnvelope.h">
      <Filter>Nes\APU</Filter>
    </ClInclude>
    <ClInclude Include="ApuFrameCounter.h">
      <Filter>Nes\APU</Filter>
    </ClInclude>
    <ClInclude Include="TriangleChannel.h">
      <Filter>Nes\APU</Filter>
    </ClInclude>
    <ClInclude Include="NoiseChannel.h">
      <Filter>Nes\APU</Filter>
    </ClInclude>
    <ClInclude Include="BaseApuChannel.h">
      <Filter>Nes\APU</Filter>
    </ClInclude>
    <ClInclude Include="DeltaModulationChannel.h">
      <Filter>Nes\APU</Filter>
    </ClInclude>
    <ClInclude Include="BF909x.h">
      <Filter>Nes\Mappers</Filter>
    </ClInclude>
    <ClInclude Include="HdNesPack.h">
      <Filter>VideoDecoder\HD</Filter>
    </ClInclude>
    <ClInclude Include="HdPpu.h">
      <Filter>VideoDecoder\HD</Filter>
    </ClInclude>
    <ClInclude Include="CodeDataLogger.h">
      <Filter>Debugger</Filter>
    </ClInclude>
    <ClInclude Include="IRenderingDevice.h">
      <Filter>Nes\Interfaces</Filter>
    </ClInclude>
    <ClInclude Include="CpRom.h">
      <Filter>Nes\Mappers</Filter>
    </ClInclude>
    <ClInclude Include="GxRom.h">
      <Filter>Nes\Mappers</Filter>
    </ClInclude>
    <ClInclude Include="UnlPci556.h">
      <Filter>Nes\Mappers</Filter>
    </ClInclude>
    <ClInclude Include="Nina03_06.h">
      <Filter>Nes\Mappers</Filter>
    </ClInclude>
    <ClInclude Include="BnRom.h">
      <Filter>Nes\Mappers</Filter>
    </ClInclude>
    <ClInclude Include="Nina01.h">
      <Filter>Nes\Mappers</Filter>
    </ClInclude>
    <ClInclude Include="DefaultVideoFilter.h">
      <Filter>VideoDecoder</Filter>
    </ClInclude>
    <ClInclude Include="VideoDecoder.h">
      <Filter>VideoDecoder</Filter>
    </ClInclude>
    <ClInclude Include="BaseVideoFilter.h">
      <Filter>VideoDecoder</Filter>
    </ClInclude>
    <ClInclude Include="NtscFilter.h">
      <Filter>VideoDecoder</Filter>
    </ClInclude>
    <ClInclude Include="ClientConnectionData.h">
      <Filter>NetPlay</Filter>
    </ClInclude>
    <ClInclude Include="GameClient.h">
      <Filter>NetPlay</Filter>
    </ClInclude>
    <ClInclude Include="GameClientConnection.h">
      <Filter>NetPlay</Filter>
    </ClInclude>
    <ClInclude Include="GameConnection.h">
      <Filter>NetPlay</Filter>
    </ClInclude>
    <ClInclude Include="GameServer.h">
      <Filter>NetPlay</Filter>
    </ClInclude>
    <ClInclude Include="GameServerConnection.h">
      <Filter>NetPlay</Filter>
    </ClInclude>
    <ClInclude Include="IGameBroadcaster.h">
      <Filter>NetPlay</Filter>
    </ClInclude>
    <ClInclude Include="Console.h">
      <Filter>Nes</Filter>
    </ClInclude>
    <ClInclude Include="ControlManager.h">
      <Filter>Nes</Filter>
    </ClInclude>
    <ClInclude Include="CheatManager.h">
      <Filter>Nes</Filter>
    </ClInclude>
    <ClInclude Include="MemoryManager.h">
      <Filter>Nes</Filter>
    </ClInclude>
    <ClInclude Include="PPU.h">
      <Filter>Nes</Filter>
    </ClInclude>
    <ClInclude Include="CPU.h">
      <Filter>Nes</Filter>
    </ClInclude>
    <ClInclude Include="HdVideoFilter.h">
      <Filter>VideoDecoder\HD</Filter>
    </ClInclude>
    <ClInclude Include="ExpressionEvaluator.h">
      <Filter>Debugger</Filter>
    </ClInclude>
    <ClInclude Include="TraceLogger.h">
      <Filter>Debugger</Filter>
    </ClInclude>
    <ClInclude Include="DebugState.h">
      <Filter>Debugger</Filter>
    </ClInclude>
    <ClInclude Include="SoundMixer.h">
      <Filter>Nes\APU</Filter>
    </ClInclude>
    <ClInclude Include="UnRom_180.h">
      <Filter>Nes\Mappers</Filter>
    </ClInclude>
    <ClInclude Include="UnRom_94.h">
      <Filter>Nes\Mappers</Filter>
    </ClInclude>
    <ClInclude Include="BF9096.h">
      <Filter>Nes\Mappers</Filter>
    </ClInclude>
    <ClInclude Include="NtdecTc112.h">
      <Filter>Nes\Mappers</Filter>
    </ClInclude>
    <ClInclude Include="Rambo1.h">
      <Filter>Nes\Mappers</Filter>
    </ClInclude>
    <ClInclude Include="BaseMapper.h">
      <Filter>Nes\Mappers</Filter>
    </ClInclude>
    <ClInclude Include="FdsLoader.h">
      <Filter>Nes\RomLoader</Filter>
    </ClInclude>
    <ClInclude Include="iNesLoader.h">
      <Filter>Nes\RomLoader</Filter>
    </ClInclude>
    <ClInclude Include="RomLoader.h">
      <Filter>Nes\RomLoader</Filter>
    </ClInclude>
    <ClInclude Include="RomData.h">
      <Filter>Nes\RomLoader</Filter>
    </ClInclude>
    <ClInclude Include="MMC1.h">
      <Filter>Nes\Mappers\MMC</Filter>
    </ClInclude>
    <ClInclude Include="MMC2.h">
      <Filter>Nes\Mappers\MMC</Filter>
    </ClInclude>
    <ClInclude Include="MMC3.h">
      <Filter>Nes\Mappers\MMC</Filter>
    </ClInclude>
    <ClInclude Include="MMC3_12.h">
      <Filter>Nes\Mappers\MMC</Filter>
    </ClInclude>
    <ClInclude Include="MMC3_37.h">
      <Filter>Nes\Mappers\MMC</Filter>
    </ClInclude>
    <ClInclude Include="MMC3_44.h">
      <Filter>Nes\Mappers\MMC</Filter>
    </ClInclude>
    <ClInclude Include="MMC3_45.h">
      <Filter>Nes\Mappers\MMC</Filter>
    </ClInclude>
    <ClInclude Include="MMC3_47.h">
      <Filter>Nes\Mappers\MMC</Filter>
    </ClInclude>
    <ClInclude Include="MMC3_49.h">
      <Filter>Nes\Mappers\MMC</Filter>
    </ClInclude>
    <ClInclude Include="MMC3_52.h">
      <Filter>Nes\Mappers\MMC</Filter>
    </ClInclude>
    <ClInclude Include="MMC3_115.h">
      <Filter>Nes\Mappers\MMC</Filter>
    </ClInclude>
    <ClInclude Include="MMC3_189.h">
      <Filter>Nes\Mappers\MMC</Filter>
    </ClInclude>
    <ClInclude Include="MMC3_205.h">
      <Filter>Nes\Mappers\MMC</Filter>
    </ClInclude>
    <ClInclude Include="MMC3_ChrRam.h">
      <Filter>Nes\Mappers\MMC</Filter>
    </ClInclude>
    <ClInclude Include="MMC4.h">
      <Filter>Nes\Mappers\MMC</Filter>
    </ClInclude>
    <ClInclude Include="MMC5.h">
      <Filter>Nes\Mappers\MMC</Filter>
    </ClInclude>
    <ClInclude Include="Mapper57.h">
      <Filter>Nes\Mappers\Unnamed</Filter>
    </ClInclude>
    <ClInclude Include="Mapper58.h">
      <Filter>Nes\Mappers\Unnamed</Filter>
    </ClInclude>
    <ClInclude Include="Mapper61.h">
      <Filter>Nes\Mappers\Unnamed</Filter>
    </ClInclude>
    <ClInclude Include="Mapper62.h">
      <Filter>Nes\Mappers\Unnamed</Filter>
    </ClInclude>
    <ClInclude Include="Mapper91.h">
      <Filter>Nes\Mappers\Unnamed</Filter>
    </ClInclude>
    <ClInclude Include="Mapper107.h">
      <Filter>Nes\Mappers\Unnamed</Filter>
    </ClInclude>
    <ClInclude Include="Mapper112.h">
      <Filter>Nes\Mappers\Unnamed</Filter>
    </ClInclude>
    <ClInclude Include="Mapper200.h">
      <Filter>Nes\Mappers\Unnamed</Filter>
    </ClInclude>
    <ClInclude Include="Mapper201.h">
      <Filter>Nes\Mappers\Unnamed</Filter>
    </ClInclude>
    <ClInclude Include="Mapper202.h">
      <Filter>Nes\Mappers\Unnamed</Filter>
    </ClInclude>
    <ClInclude Include="Mapper203.h">
      <Filter>Nes\Mappers\Unnamed</Filter>
    </ClInclude>
    <ClInclude Include="Mapper225.h">
      <Filter>Nes\Mappers\Unnamed</Filter>
    </ClInclude>
    <ClInclude Include="Mapper226.h">
      <Filter>Nes\Mappers\Unnamed</Filter>
    </ClInclude>
    <ClInclude Include="Mapper230.h">
      <Filter>Nes\Mappers\Unnamed</Filter>
    </ClInclude>
    <ClInclude Include="Mapper231.h">
      <Filter>Nes\Mappers\Unnamed</Filter>
    </ClInclude>
    <ClInclude Include="Mapper240.h">
      <Filter>Nes\Mappers\Unnamed</Filter>
    </ClInclude>
    <ClInclude Include="Mapper242.h">
      <Filter>Nes\Mappers\Unnamed</Filter>
    </ClInclude>
    <ClInclude Include="Mapper246.h">
      <Filter>Nes\Mappers\Unnamed</Filter>
    </ClInclude>
    <ClInclude Include="Sunsoft89.h">
      <Filter>Nes\Mappers\Sunsoft</Filter>
    </ClInclude>
    <ClInclude Include="Sunsoft93.h">
      <Filter>Nes\Mappers\Sunsoft</Filter>
    </ClInclude>
    <ClInclude Include="Sunsoft184.h">
      <Filter>Nes\Mappers\Sunsoft</Filter>
    </ClInclude>
    <ClInclude Include="Namco108.h">
      <Filter>Nes\Mappers\Namco</Filter>
    </ClInclude>
    <ClInclude Include="Namco108_76.h">
      <Filter>Nes\Mappers\Namco</Filter>
    </ClInclude>
    <ClInclude Include="Namco108_88.h">
      <Filter>Nes\Mappers\Namco</Filter>
    </ClInclude>
    <ClInclude Include="Namco108_95.h">
      <Filter>Nes\Mappers\Namco</Filter>
    </ClInclude>
    <ClInclude Include="Namco108_154.h">
      <Filter>Nes\Mappers\Namco</Filter>
    </ClInclude>
    <ClInclude Include="IremG101.h">
      <Filter>Nes\Mappers\Irem</Filter>
    </ClInclude>
    <ClInclude Include="IremH3001.h">
      <Filter>Nes\Mappers\Irem</Filter>
    </ClInclude>
    <ClInclude Include="IremLrog017.h">
      <Filter>Nes\Mappers\Irem</Filter>
    </ClInclude>
    <ClInclude Include="IremTamS1.h">
      <Filter>Nes\Mappers\Irem</Filter>
    </ClInclude>
    <ClInclude Include="Sachen_145.h">
      <Filter>Nes\Mappers\Sachen</Filter>
    </ClInclude>
    <ClInclude Include="Sachen_147.h">
      <Filter>Nes\Mappers\Sachen</Filter>
    </ClInclude>
    <ClInclude Include="Sachen_148.h">
      <Filter>Nes\Mappers\Sachen</Filter>
    </ClInclude>
    <ClInclude Include="Sachen_149.h">
      <Filter>Nes\Mappers\Sachen</Filter>
    </ClInclude>
    <ClInclude Include="JalecoJf11_14.h">
      <Filter>Nes\Mappers\Jaleco</Filter>
    </ClInclude>
    <ClInclude Include="JalecoJf16.h">
      <Filter>Nes\Mappers\Jaleco</Filter>
    </ClInclude>
    <ClInclude Include="JalecoJf17_19.h">
      <Filter>Nes\Mappers\Jaleco</Filter>
    </ClInclude>
    <ClInclude Include="JalecoJfxx.h">
      <Filter>Nes\Mappers\Jaleco</Filter>
    </ClInclude>
    <ClInclude Include="JalecoSs88006.h">
      <Filter>Nes\Mappers\Jaleco</Filter>
    </ClInclude>
    <ClInclude Include="FDS.h">
      <Filter>Nes\Mappers\FDS</Filter>
    </ClInclude>
    <ClInclude Include="FdsAudio.h">
      <Filter>Nes\Mappers\FDS</Filter>
    </ClInclude>
    <ClInclude Include="BaseFdsChannel.h">
      <Filter>Nes\Mappers\FDS</Filter>
    </ClInclude>
    <ClInclude Include="ModChannel.h">
      <Filter>Nes\Mappers\FDS</Filter>
    </ClInclude>
    <ClInclude Include="VideoRenderer.h">
      <Filter>VideoDecoder</Filter>
    </ClInclude>
    <ClInclude Include="StandardController.h">
      <Filter>Nes\Controllers</Filter>
    </ClInclude>
    <ClInclude Include="Zapper.h">
      <Filter>Nes\Controllers</Filter>
    </ClInclude>
    <ClInclude Include="BaseControlDevice.h">
      <Filter>Nes\Controllers</Filter>
    </ClInclude>
    <ClInclude Include="PlayerListMessage.h">
      <Filter>NetPlay\Messages</Filter>
    </ClInclude>
    <ClInclude Include="SelectControllerMessage.h">
      <Filter>NetPlay\Messages</Filter>
    </ClInclude>
    <ClInclude Include="ForceDisconnectMessage.h">
      <Filter>NetPlay\Messages</Filter>
    </ClInclude>
    <ClInclude Include="ArkanoidController.h">
      <Filter>Nes\Controllers</Filter>
    </ClInclude>
    <ClInclude Include="StereoPanningFilter.h">
      <Filter>Nes\APU\Filters</Filter>
    </ClInclude>
    <ClInclude Include="StereoDelayFilter.h">
      <Filter>Nes\APU\Filters</Filter>
    </ClInclude>
    <ClInclude Include="ReverbFilter.h">
      <Filter>Nes\APU\Filters</Filter>
    </ClInclude>
    <ClInclude Include="BaseSoundFilter.h">
      <Filter>Nes\APU\Filters</Filter>
    </ClInclude>
    <ClInclude Include="TaitoX1005.h">
      <Filter>Nes\Mappers\Taito</Filter>
    </ClInclude>
    <ClInclude Include="TaitoTc0190.h">
      <Filter>Nes\Mappers\Taito</Filter>
    </ClInclude>
    <ClInclude Include="TaitoX1017.h">
      <Filter>Nes\Mappers\Taito</Filter>
    </ClInclude>
    <ClInclude Include="Mapper241.h">
      <Filter>Nes\Mappers\Unnamed</Filter>
    </ClInclude>
    <ClInclude Include="VsSystem.h">
      <Filter>Nes\Mappers</Filter>
    </ClInclude>
    <ClInclude Include="VsControlManager.h">
      <Filter>Nes</Filter>
    </ClInclude>
    <ClInclude Include="Mapper15.h">
      <Filter>Nes\Mappers\Unnamed</Filter>
    </ClInclude>
    <ClInclude Include="Mapper60.h">
      <Filter>Nes\Mappers\Unnamed</Filter>
    </ClInclude>
    <ClInclude Include="ScaleFilter.h">
      <Filter>VideoDecoder</Filter>
    </ClInclude>
    <ClInclude Include="Snapshotable.h">
      <Filter>Nes</Filter>
    </ClInclude>
    <ClInclude Include="AutoRomTest.h">
      <Filter>Misc</Filter>
    </ClInclude>
    <ClInclude Include="EmulationSettings.h">
      <Filter>Misc</Filter>
    </ClInclude>
    <ClInclude Include="MessageManager.h">
      <Filter>Misc</Filter>
    </ClInclude>
    <ClInclude Include="Movie.h">
      <Filter>Misc</Filter>
    </ClInclude>
    <ClInclude Include="SaveStateManager.h">
      <Filter>Misc</Filter>
    </ClInclude>
    <ClInclude Include="stdafx.h">
      <Filter>Misc</Filter>
    </ClInclude>
    <ClInclude Include="TxSRom.h">
      <Filter>Nes\Mappers</Filter>
    </ClInclude>
    <ClInclude Include="WaveRecorder.h">
      <Filter>Misc</Filter>
    </ClInclude>
    <ClInclude Include="VrcIrq.h">
      <Filter>Nes\Mappers\VRC</Filter>
    </ClInclude>
    <ClInclude Include="VRC1.h">
      <Filter>Nes\Mappers\VRC</Filter>
    </ClInclude>
    <ClInclude Include="VRC2_4.h">
      <Filter>Nes\Mappers\VRC</Filter>
    </ClInclude>
    <ClInclude Include="VRC3.h">
      <Filter>Nes\Mappers\VRC</Filter>
    </ClInclude>
    <ClInclude Include="VRC6.h">
      <Filter>Nes\Mappers\VRC</Filter>
    </ClInclude>
    <ClInclude Include="VRC7.h">
      <Filter>Nes\Mappers\VRC</Filter>
    </ClInclude>
    <ClInclude Include="Vrc6Pulse.h">
      <Filter>Nes\Mappers\VRC</Filter>
    </ClInclude>
    <ClInclude Include="Vrc6Saw.h">
      <Filter>Nes\Mappers\VRC</Filter>
    </ClInclude>
    <ClInclude Include="Namco163.h">
      <Filter>Nes\Mappers\Namco</Filter>
    </ClInclude>
    <ClInclude Include="Namco163Audio.h">
      <Filter>Nes\Mappers\Namco</Filter>
    </ClInclude>
    <ClInclude Include="SunsoftFme7.h">
      <Filter>Nes\Mappers\Sunsoft</Filter>
    </ClInclude>
    <ClInclude Include="Sunsoft5bAudio.h">
      <Filter>Nes\Mappers\Sunsoft</Filter>
    </ClInclude>
    <ClInclude Include="Sunsoft3.h">
      <Filter>Nes\Mappers\Sunsoft</Filter>
    </ClInclude>
    <ClInclude Include="Sunsoft4.h">
      <Filter>Nes\Mappers\Sunsoft</Filter>
    </ClInclude>
    <ClInclude Include="MMC5Audio.h">
      <Filter>Nes\Mappers\MMC</Filter>
    </ClInclude>
    <ClInclude Include="BaseExpansionAudio.h">
      <Filter>Nes\Mappers</Filter>
    </ClInclude>
    <ClInclude Include="Vrc6Audio.h">
      <Filter>Nes\Mappers\VRC</Filter>
    </ClInclude>
    <ClInclude Include="Bandai74161_7432.h">
      <Filter>Nes\Mappers\Bandai</Filter>
    </ClInclude>
    <ClInclude Include="BandaiFcg.h">
      <Filter>Nes\Mappers\Bandai</Filter>
    </ClInclude>
    <ClInclude Include="FrontFareast.h">
      <Filter>Nes\Mappers</Filter>
    </ClInclude>
    <ClInclude Include="GameDatabase.h">
      <Filter>Nes\RomLoader</Filter>
    </ClInclude>
    <ClInclude Include="JalecoJf13.h">
      <Filter>Nes\Mappers\Jaleco</Filter>
    </ClInclude>
    <ClInclude Include="DaouInfosys.h">
      <Filter>Nes\Mappers</Filter>
    </ClInclude>
    <ClInclude Include="MMC1_155.h">
      <Filter>Nes\Mappers\MMC</Filter>
    </ClInclude>
    <ClInclude Include="Mapper218.h">
      <Filter>Nes\Mappers\Unnamed</Filter>
    </ClInclude>
    <ClInclude Include="Sachen8259.h">
      <Filter>Nes\Mappers\Sachen</Filter>
    </ClInclude>
    <ClInclude Include="Sachen_143.h">
      <Filter>Nes\Mappers\Sachen</Filter>
    </ClInclude>
    <ClInclude Include="ActionEnterprises.h">
      <Filter>Nes\Mappers</Filter>
    </ClInclude>
    <ClInclude Include="Sachen74LS374N.h">
      <Filter>Nes\Mappers\Sachen</Filter>
    </ClInclude>
    <ClInclude Include="Sachen74LS374NB.h">
      <Filter>Nes\Mappers\Sachen</Filter>
    </ClInclude>
    <ClInclude Include="Mapper227.h">
      <Filter>Nes\Mappers\Unnamed</Filter>
    </ClInclude>
    <ClInclude Include="VsZapper.h">
      <Filter>Nes\Controllers</Filter>
    </ClInclude>
    <ClInclude Include="NsfLoader.h">
      <Filter>Nes\RomLoader</Filter>
    </ClInclude>
    <ClInclude Include="NsfMapper.h">
      <Filter>Nes\Mappers</Filter>
    </ClInclude>
    <ClInclude Include="NsfeLoader.h">
      <Filter>Nes\RomLoader</Filter>
    </ClInclude>
    <ClInclude Include="NsfPpu.h">
      <Filter>Nes</Filter>
    </ClInclude>
    <ClInclude Include="Vrc7Audio.h">
      <Filter>Nes\Mappers\VRC</Filter>
    </ClInclude>
    <ClInclude Include="OpllEmulator.h">
      <Filter>Nes\Mappers\VRC</Filter>
    </ClInclude>
    <ClInclude Include="OpllTables.h">
      <Filter>Nes\Mappers\VRC</Filter>
    </ClInclude>
    <ClInclude Include="OpllChannel.h">
      <Filter>Nes\Mappers\VRC</Filter>
    </ClInclude>
    <ClInclude Include="NsfCart31.h">
      <Filter>Nes\Mappers</Filter>
    </ClInclude>
    <ClInclude Include="Mapper40.h">
      <Filter>Nes\Mappers\Unnamed</Filter>
    </ClInclude>
    <ClInclude Include="Mapper50.h">
      <Filter>Nes\Mappers\Unnamed</Filter>
    </ClInclude>
    <ClInclude Include="Mapper42.h">
      <Filter>Nes\Mappers\Unnamed</Filter>
    </ClInclude>
    <ClInclude Include="ColorDreams46.h">
      <Filter>Nes\Mappers</Filter>
    </ClInclude>
    <ClInclude Include="TaitoTc0690.h">
      <Filter>Nes\Mappers\Taito</Filter>
    </ClInclude>
    <ClInclude Include="Waixing252.h">
      <Filter>Nes\Mappers\Waixing</Filter>
    </ClInclude>
    <ClInclude Include="Waixing176.h">
      <Filter>Nes\Mappers\Waixing</Filter>
    </ClInclude>
    <ClInclude Include="Waixing164.h">
      <Filter>Nes\Mappers\Waixing</Filter>
    </ClInclude>
    <ClInclude Include="MMC3_182.h">
      <Filter>Nes\Mappers\MMC</Filter>
    </ClInclude>
    <ClInclude Include="Action53.h">
      <Filter>Nes\Mappers</Filter>
    </ClInclude>
    <ClInclude Include="Sachen_133.h">
      <Filter>Nes\Mappers\Sachen</Filter>
    </ClInclude>
    <ClInclude Include="Kaiser7058.h">
      <Filter>Nes\Mappers\Kaiser</Filter>
    </ClInclude>
    <ClInclude Include="Kaiser7022.h">
      <Filter>Nes\Mappers\Kaiser</Filter>
    </ClInclude>
    <ClInclude Include="Kaiser202.h">
      <Filter>Nes\Mappers\Kaiser</Filter>
    </ClInclude>
    <ClInclude Include="Henggedianzi177.h">
      <Filter>Nes\Mappers</Filter>
    </ClInclude>
    <ClInclude Include="Henggedianzi179.h">
      <Filter>Nes\Mappers</Filter>
    </ClInclude>
    <ClInclude Include="Mapper170.h">
      <Filter>Nes\Mappers\Unnamed</Filter>
    </ClInclude>
    <ClInclude Include="VideoHud.h">
      <Filter>VideoDecoder</Filter>
    </ClInclude>
    <ClInclude Include="FrameInfo.h">
      <Filter>VideoDecoder</Filter>
    </ClInclude>
    <ClInclude Include="Caltron41.h">
      <Filter>Nes\Mappers</Filter>
    </ClInclude>
    <ClInclude Include="Bmc235.h">
      <Filter>Nes\Mappers</Filter>
    </ClInclude>
    <ClInclude Include="Bmc51.h">
      <Filter>Nes\Mappers</Filter>
    </ClInclude>
    <ClInclude Include="Bmc63.h">
      <Filter>Nes\Mappers</Filter>
    </ClInclude>
    <ClInclude Include="JyCompany.h">
      <Filter>Nes\Mappers</Filter>
    </ClInclude>
    <ClInclude Include="MMC3_245.h">
      <Filter>Nes\Mappers\MMC</Filter>
    </ClInclude>
    <ClInclude Include="Waixing178.h">
      <Filter>Nes\Mappers\Waixing</Filter>
    </ClInclude>
    <ClInclude Include="Mapper35.h">
      <Filter>Nes\Mappers\Unnamed</Filter>
    </ClInclude>
    <ClInclude Include="MMC3_165.h">
      <Filter>Nes\Mappers\MMC</Filter>
    </ClInclude>
    <ClInclude Include="Subor166.h">
      <Filter>Nes\Mappers</Filter>
    </ClInclude>
    <ClInclude Include="Txc22000.h">
      <Filter>Nes\Mappers\Txc</Filter>
    </ClInclude>
    <ClInclude Include="Txc22211A.h">
      <Filter>Nes\Mappers\Txc</Filter>
    </ClInclude>
    <ClInclude Include="Txc22211B.h">
      <Filter>Nes\Mappers\Txc</Filter>
    </ClInclude>
    <ClInclude Include="Txc22211C.h">
      <Filter>Nes\Mappers\Txc</Filter>
    </ClInclude>
    <ClInclude Include="Mapper234.h">
      <Filter>Nes\Mappers\Unnamed</Filter>
    </ClInclude>
    <ClInclude Include="MMC3_197.h">
      <Filter>Nes\Mappers\MMC</Filter>
    </ClInclude>
    <ClInclude Include="Mapper108.h">
      <Filter>Nes\Mappers\Unnamed</Filter>
    </ClInclude>
    <ClInclude Include="MMC3_187.h">
      <Filter>Nes\Mappers\MMC</Filter>
    </ClInclude>
    <ClInclude Include="OekaKids.h">
      <Filter>Nes\Mappers</Filter>
    </ClInclude>
    <ClInclude Include="Supervision.h">
      <Filter>Nes\Mappers</Filter>
    </ClInclude>
    <ClInclude Include="MMC3_250.h">
      <Filter>Nes\Mappers\MMC</Filter>
    </ClInclude>
    <ClInclude Include="MMC3_249.h">
      <Filter>Nes\Mappers\MMC</Filter>
    </ClInclude>
    <ClInclude Include="Mapper212.h">
      <Filter>Nes\Mappers\Unnamed</Filter>
    </ClInclude>
    <ClInclude Include="MMC3_14.h">
      <Filter>Nes\Mappers\MMC</Filter>
    </ClInclude>
    <ClInclude Include="Mapper221.h">
      <Filter>Nes\Mappers\Unnamed</Filter>
    </ClInclude>
    <ClInclude Include="Mapper103.h">
      <Filter>Nes\Mappers\Unnamed</Filter>
    </ClInclude>
    <ClInclude Include="Racermate.h">
      <Filter>Nes\Mappers</Filter>
    </ClInclude>
    <ClInclude Include="OekaKidsTablet.h">
      <Filter>Nes\Controllers</Filter>
    </ClInclude>
    <ClInclude Include="MMC3_114.h">
      <Filter>Nes\Mappers\MMC</Filter>
    </ClInclude>
    <ClInclude Include="BandaiKaraoke.h">
      <Filter>Nes\Mappers\Bandai</Filter>
    </ClInclude>
    <ClInclude Include="MMC3_121.h">
      <Filter>Nes\Mappers\MMC</Filter>
    </ClInclude>
    <ClInclude Include="Mapper120.h">
      <Filter>Nes\Mappers\Unnamed</Filter>
    </ClInclude>
    <ClInclude Include="Mapper244.h">
      <Filter>Nes\Mappers\Unnamed</Filter>
    </ClInclude>
    <ClInclude Include="MMC3_254.h">
      <Filter>Nes\Mappers\MMC</Filter>
    </ClInclude>
    <ClInclude Include="MMC3_238.h">
      <Filter>Nes\Mappers\MMC</Filter>
    </ClInclude>
    <ClInclude Include="Mapper233.h">
      <Filter>Nes\Mappers\Unnamed</Filter>
    </ClInclude>
    <ClInclude Include="Mapper229.h">
      <Filter>Nes\Mappers\Unnamed</Filter>
    </ClInclude>
    <ClInclude Include="Mapper222.h">
      <Filter>Nes\Mappers\Unnamed</Filter>
    </ClInclude>
    <ClInclude Include="Mapper213.h">
      <Filter>Nes\Mappers\Unnamed</Filter>
    </ClInclude>
    <ClInclude Include="Mapper214.h">
      <Filter>Nes\Mappers\Unnamed</Filter>
    </ClInclude>
    <ClInclude Include="Mapper204.h">
      <Filter>Nes\Mappers\Unnamed</Filter>
    </ClInclude>
    <ClInclude Include="Bmc255.h">
      <Filter>Nes\Mappers</Filter>
    </ClInclude>
    <ClInclude Include="Mapper183.h">
      <Filter>Nes\Mappers\Unnamed</Filter>
    </ClInclude>
    <ClInclude Include="Mapper253.h">
      <Filter>Nes\Mappers\Unnamed</Filter>
    </ClInclude>
    <ClInclude Include="Sachen_136.h">
      <Filter>Nes\Mappers\Sachen</Filter>
    </ClInclude>
    <ClInclude Include="UnifLoader.h">
      <Filter>Nes\RomLoader</Filter>
    </ClInclude>
    <ClInclude Include="Tf1201.h">
      <Filter>Nes\Mappers\Unif</Filter>
    </ClInclude>
    <ClInclude Include="Mapper106.h">
      <Filter>Nes\Mappers\Unnamed</Filter>
    </ClInclude>
    <ClInclude Include="Mapper117.h">
      <Filter>Nes\Mappers\Unnamed</Filter>
    </ClInclude>
    <ClInclude Include="A12Watcher.h">
      <Filter>Nes\Mappers</Filter>
    </ClInclude>
    <ClInclude Include="StudyBox.h">
      <Filter>Nes\Mappers</Filter>
    </ClInclude>
    <ClInclude Include="MMC1_105.h">
      <Filter>Nes\Mappers\MMC</Filter>
    </ClInclude>
    <ClInclude Include="Waixing162.h">
      <Filter>Nes\Mappers\Waixing</Filter>
    </ClInclude>
    <ClInclude Include="MMC3_196.h">
      <Filter>Nes\Mappers\MMC</Filter>
    </ClInclude>
    <ClInclude Include="MMC3_219.h">
      <Filter>Nes\Mappers\MMC</Filter>
    </ClInclude>
    <ClInclude Include="AutoSaveManager.h">
      <Filter>Misc</Filter>
    </ClInclude>
    <ClInclude Include="ShortcutKeyHandler.h">
      <Filter>Misc</Filter>
    </ClInclude>
    <ClInclude Include="MMC3_134.h">
      <Filter>Nes\Mappers\MMC</Filter>
    </ClInclude>
    <ClInclude Include="Mapper216.h">
      <Filter>Nes\Mappers\Unnamed</Filter>
    </ClInclude>
    <ClInclude Include="MMC3_123.h">
      <Filter>Nes\Mappers\MMC</Filter>
    </ClInclude>
    <ClInclude Include="MMC3_126.h">
      <Filter>Nes\Mappers\MMC</Filter>
    </ClInclude>
    <ClInclude Include="MMC3_199.h">
      <Filter>Nes\Mappers\MMC</Filter>
    </ClInclude>
    <ClInclude Include="MMC3_215.h">
      <Filter>Nes\Mappers\MMC</Filter>
    </ClInclude>
    <ClInclude Include="MMC3_217.h">
      <Filter>Nes\Mappers\MMC</Filter>
    </ClInclude>
    <ClInclude Include="MMC3_Coolboy.h">
      <Filter>Nes\Mappers\MMC</Filter>
    </ClInclude>
    <ClInclude Include="Mapper220.h">
      <Filter>Nes\Mappers\Unnamed</Filter>
    </ClInclude>
    <ClInclude Include="Mapper83.h">
      <Filter>Nes\Mappers\Unnamed</Filter>
    </ClInclude>
    <ClInclude Include="Smb2j.h">
      <Filter>Nes\Mappers\Unif</Filter>
    </ClInclude>
    <ClInclude Include="Malee.h">
      <Filter>Nes\Mappers\Unif</Filter>
    </ClInclude>
    <ClInclude Include="MMC3_StreetHeroes.h">
      <Filter>Nes\Mappers\Unif</Filter>
    </ClInclude>
    <ClInclude Include="DreamTech01.h">
      <Filter>Nes\Mappers\Unif</Filter>
    </ClInclude>
    <ClInclude Include="Edu2000.h">
      <Filter>Nes\Mappers\Unif</Filter>
    </ClInclude>
    <ClInclude Include="Gs2013.h">
      <Filter>Nes\Mappers\Unif</Filter>
    </ClInclude>
    <ClInclude Include="Gs2004.h">
      <Filter>Nes\Mappers\Unif</Filter>
    </ClInclude>
    <ClInclude Include="NovelDiamond.h">
      <Filter>Nes\Mappers\Unif</Filter>
    </ClInclude>
    <ClInclude Include="MMC3_Kof97.h">
      <Filter>Nes\Mappers\Unif</Filter>
    </ClInclude>
    <ClInclude Include="T262.h">
      <Filter>Nes\Mappers\Unif</Filter>
    </ClInclude>
    <ClInclude Include="A65AS.h">
      <Filter>Nes\Mappers\Unif</Filter>
    </ClInclude>
    <ClInclude Include="Bs5.h">
      <Filter>Nes\Mappers\Unif</Filter>
    </ClInclude>
    <ClInclude Include="Bmc190in1.h">
      <Filter>Nes\Mappers\Unif</Filter>
    </ClInclude>
    <ClInclude Include="Ghostbusters63in1.h">
      <Filter>Nes\Mappers\Unif</Filter>
    </ClInclude>
    <ClInclude Include="Bmc70in1.h">
      <Filter>Nes\Mappers\Unif</Filter>
    </ClInclude>
    <ClInclude Include="Ax5705.h">
      <Filter>Nes\Mappers\Unif</Filter>
    </ClInclude>
    <ClInclude Include="MMC3_Super24in1Sc03.h">
      <Filter>Nes\Mappers\Unif</Filter>
    </ClInclude>
    <ClInclude Include="Super40in1Ws.h">
      <Filter>Nes\Mappers\Unif</Filter>
    </ClInclude>
    <ClInclude Include="Cc21.h">
      <Filter>Nes\Mappers\Unif</Filter>
    </ClInclude>
    <ClInclude Include="Mapper43.h">
      <Filter>Nes\Mappers\Unnamed</Filter>
    </ClInclude>
    <ClInclude Include="Kaiser7016.h">
      <Filter>Nes\Mappers\Unif</Filter>
    </ClInclude>
    <ClInclude Include="Rt01.h">
      <Filter>Nes\Mappers\Unif</Filter>
    </ClInclude>
    <ClInclude Include="Hp898f.h">
      <Filter>Nes\Mappers\Unif</Filter>
    </ClInclude>
    <ClInclude Include="UnifBoards.h">
      <Filter>Nes\Mappers\Unif</Filter>
    </ClInclude>
    <ClInclude Include="Bb.h">
      <Filter>Nes\Mappers\Unif</Filter>
    </ClInclude>
    <ClInclude Include="Ac08.h">
      <Filter>Nes\Mappers\Unif</Filter>
    </ClInclude>
    <ClInclude Include="BmcG146.h">
      <Filter>Nes\Mappers\Unif</Filter>
    </ClInclude>
    <ClInclude Include="BmcNtd03.h">
      <Filter>Nes\Mappers\Unif</Filter>
    </ClInclude>
    <ClInclude Include="Bmc11160.h">
      <Filter>Nes\Mappers\Unif</Filter>
    </ClInclude>
    <ClInclude Include="Bmc12in1.h">
      <Filter>Nes\Mappers\Unif</Filter>
    </ClInclude>
    <ClInclude Include="Bmc64in1NoRepeat.h">
      <Filter>Nes\Mappers\Unif</Filter>
    </ClInclude>
    <ClInclude Include="Bmc810544CA1.h">
      <Filter>Nes\Mappers\Unif</Filter>
    </ClInclude>
    <ClInclude Include="MMC3_BmcF15.h">
      <Filter>Nes\Mappers\Unif</Filter>
    </ClInclude>
  </ItemGroup>
  <ItemGroup>
    <ClCompile Include="stdafx.cpp">
      <Filter>Misc</Filter>
    </ClCompile>
    <ClCompile Include="Movie.cpp">
      <Filter>Misc</Filter>
    </ClCompile>
    <ClCompile Include="Debugger.cpp">
      <Filter>Debugger</Filter>
    </ClCompile>
    <ClCompile Include="Disassembler.cpp">
      <Filter>Debugger</Filter>
    </ClCompile>
    <ClCompile Include="DisassemblyInfo.cpp">
      <Filter>Debugger</Filter>
    </ClCompile>
    <ClCompile Include="Breakpoint.cpp">
      <Filter>Debugger</Filter>
    </ClCompile>
    <ClCompile Include="SaveStateManager.cpp">
      <Filter>Misc</Filter>
    </ClCompile>
    <ClCompile Include="MessageManager.cpp">
      <Filter>Misc</Filter>
    </ClCompile>
    <ClCompile Include="EmulationSettings.cpp">
      <Filter>Misc</Filter>
    </ClCompile>
    <ClCompile Include="CodeDataLogger.cpp">
      <Filter>Debugger</Filter>
    </ClCompile>
    <ClCompile Include="AutoRomTest.cpp">
      <Filter>Misc</Filter>
    </ClCompile>
    <ClCompile Include="BaseVideoFilter.cpp">
      <Filter>VideoDecoder</Filter>
    </ClCompile>
    <ClCompile Include="DefaultVideoFilter.cpp">
      <Filter>VideoDecoder</Filter>
    </ClCompile>
    <ClCompile Include="VideoDecoder.cpp">
      <Filter>VideoDecoder</Filter>
    </ClCompile>
    <ClCompile Include="NtscFilter.cpp">
      <Filter>VideoDecoder</Filter>
    </ClCompile>
    <ClCompile Include="GameClient.cpp">
      <Filter>NetPlay</Filter>
    </ClCompile>
    <ClCompile Include="GameClientConnection.cpp">
      <Filter>NetPlay</Filter>
    </ClCompile>
    <ClCompile Include="GameConnection.cpp">
      <Filter>NetPlay</Filter>
    </ClCompile>
    <ClCompile Include="GameServer.cpp">
      <Filter>NetPlay</Filter>
    </ClCompile>
    <ClCompile Include="GameServerConnection.cpp">
      <Filter>NetPlay</Filter>
    </ClCompile>
    <ClCompile Include="Console.cpp">
      <Filter>Nes</Filter>
    </ClCompile>
    <ClCompile Include="CPU.cpp">
      <Filter>Nes</Filter>
    </ClCompile>
    <ClCompile Include="ControlManager.cpp">
      <Filter>Nes</Filter>
    </ClCompile>
    <ClCompile Include="MemoryManager.cpp">
      <Filter>Nes</Filter>
    </ClCompile>
    <ClCompile Include="PPU.cpp">
      <Filter>Nes</Filter>
    </ClCompile>
    <ClCompile Include="CheatManager.cpp">
      <Filter>Nes</Filter>
    </ClCompile>
    <ClCompile Include="APU.cpp">
      <Filter>Nes\APU</Filter>
    </ClCompile>
    <ClCompile Include="ApuLengthCounter.cpp">
      <Filter>Nes\APU</Filter>
    </ClCompile>
    <ClCompile Include="DeltaModulationChannel.cpp">
      <Filter>Nes\APU</Filter>
    </ClCompile>
    <ClCompile Include="HdVideoFilter.cpp">
      <Filter>VideoDecoder\HD</Filter>
    </ClCompile>
    <ClCompile Include="ExpressionEvaluator.cpp">
      <Filter>Debugger</Filter>
    </ClCompile>
    <ClCompile Include="TraceLogger.cpp">
      <Filter>Debugger</Filter>
    </ClCompile>
    <ClCompile Include="SoundMixer.cpp">
      <Filter>Nes\APU</Filter>
    </ClCompile>
    <ClCompile Include="RomLoader.cpp">
      <Filter>Nes\RomLoader</Filter>
    </ClCompile>
    <ClCompile Include="FDS.cpp">
      <Filter>Nes\Mappers\FDS</Filter>
    </ClCompile>
    <ClCompile Include="VideoRenderer.cpp">
      <Filter>VideoDecoder</Filter>
    </ClCompile>
    <ClCompile Include="StandardController.cpp">
      <Filter>Nes\Controllers</Filter>
    </ClCompile>
    <ClCompile Include="Zapper.cpp">
      <Filter>Nes\Controllers</Filter>
    </ClCompile>
    <ClCompile Include="BaseControlDevice.cpp">
      <Filter>Nes\Controllers</Filter>
    </ClCompile>
    <ClCompile Include="ArkanoidController.cpp">
      <Filter>Nes\Controllers</Filter>
    </ClCompile>
    <ClCompile Include="StereoPanningFilter.cpp">
      <Filter>Nes\APU\Filters</Filter>
    </ClCompile>
    <ClCompile Include="StereoDelayFilter.cpp">
      <Filter>Nes\APU\Filters</Filter>
    </ClCompile>
    <ClCompile Include="BaseSoundFilter.cpp">
      <Filter>Nes\APU\Filters</Filter>
    </ClCompile>
    <ClCompile Include="ReverbFilter.cpp">
      <Filter>Nes\APU\Filters</Filter>
    </ClCompile>
    <ClCompile Include="MapperFactory.cpp">
      <Filter>Nes\Mappers</Filter>
    </ClCompile>
    <ClCompile Include="VsControlManager.cpp">
      <Filter>Nes</Filter>
    </ClCompile>
    <ClCompile Include="BaseMapper.cpp">
      <Filter>Nes\Mappers</Filter>
    </ClCompile>
    <ClCompile Include="ScaleFilter.cpp">
      <Filter>VideoDecoder</Filter>
    </ClCompile>
    <ClCompile Include="Snapshotable.cpp">
      <Filter>Nes</Filter>
    </ClCompile>
    <ClCompile Include="WaveRecorder.cpp">
      <Filter>Misc</Filter>
    </ClCompile>
    <ClCompile Include="iNesLoader.cpp">
      <Filter>Nes\RomLoader</Filter>
    </ClCompile>
    <ClCompile Include="GameDatabase.cpp">
      <Filter>Nes\RomLoader</Filter>
    </ClCompile>
    <ClCompile Include="VsZapper.cpp">
      <Filter>Nes\Controllers</Filter>
    </ClCompile>
    <ClCompile Include="NsfMapper.cpp">
      <Filter>Nes\Mappers</Filter>
    </ClCompile>
    <ClCompile Include="VideoHud.cpp">
      <Filter>VideoDecoder</Filter>
    </ClCompile>
    <ClCompile Include="OekaKidsTablet.cpp">
      <Filter>Nes\Controllers</Filter>
    </ClCompile>
    <ClCompile Include="AutoSaveManager.cpp">
      <Filter>Misc</Filter>
    </ClCompile>
    <ClCompile Include="ShortcutKeyHandler.cpp">
      <Filter>Misc</Filter>
    </ClCompile>
  </ItemGroup>
</Project>