<?xml version="1.0" encoding="utf-8"?>
<Project ToolsVersion="4.0" xmlns="http://schemas.microsoft.com/developer/msbuild/2003">
  <ItemGroup>
    <Filter Include="Source Files">
      <UniqueIdentifier>{4FC737F1-C7A5-4376-A066-2A32D752A2FF}</UniqueIdentifier>
      <Extensions>cpp;c;cc;cxx;def;odl;idl;hpj;bat;asm;asmx</Extensions>
    </Filter>
    <Filter Include="Header Files">
      <UniqueIdentifier>{93995380-89BD-4b04-88EB-625FBE52EBFB}</UniqueIdentifier>
      <Extensions>h;hh;hpp;hxx;hm;inl;inc;xsd</Extensions>
    </Filter>
  </ItemGroup>
  <ItemGroup>
    <ClInclude Include="7z.h">
      <Filter>Header Files</Filter>
    </ClInclude>
    <ClInclude Include="7zAlloc.h">
      <Filter>Header Files</Filter>
    </ClInclude>
    <ClInclude Include="7zBuf.h">
      <Filter>Header Files</Filter>
    </ClInclude>
    <ClInclude Include="7zCrc.h">
      <Filter>Header Files</Filter>
    </ClInclude>
    <ClInclude Include="7zFile.h">
      <Filter>Header Files</Filter>
    </ClInclude>
    <ClInclude Include="7zMemBuffer.h">
      <Filter>Header Files</Filter>
    </ClInclude>
    <ClInclude Include="7zTypes.h">
      <Filter>Header Files</Filter>
    </ClInclude>
    <ClInclude Include="Bcj2.h">
      <Filter>Header Files</Filter>
    </ClInclude>
    <ClInclude Include="Bra.h">
      <Filter>Header Files</Filter>
    </ClInclude>
    <ClInclude Include="Compiler.h">
      <Filter>Header Files</Filter>
    </ClInclude>
    <ClInclude Include="CpuArch.h">
      <Filter>Header Files</Filter>
    </ClInclude>
    <ClInclude Include="Delta.h">
      <Filter>Header Files</Filter>
    </ClInclude>
    <ClInclude Include="Lzma2Dec.h">
      <Filter>Header Files</Filter>
    </ClInclude>
    <ClInclude Include="LzmaDec.h">
      <Filter>Header Files</Filter>
    </ClInclude>
    <ClInclude Include="Ppmd.h">
      <Filter>Header Files</Filter>
    </ClInclude>
    <ClInclude Include="Ppmd7.h">
      <Filter>Header Files</Filter>
    </ClInclude>
    <ClInclude Include="Precomp.h">
      <Filter>Header Files</Filter>
    </ClInclude>
  </ItemGroup>
  <ItemGroup>
    <ClCompile Include="7zAlloc.c">
      <Filter>Source Files</Filter>
    </ClCompile>
    <ClCompile Include="7zArcIn.c">
      <Filter>Source Files</Filter>
    </ClCompile>
    <ClCompile Include="7zBuf.c">
      <Filter>Source Files</Filter>
    </ClCompile>
    <ClCompile Include="7zCrc.c">
      <Filter>Source Files</Filter>
    </ClCompile>
    <ClCompile Include="7zCrcOpt.c">
      <Filter>Source Files</Filter>
    </ClCompile>
    <ClCompile Include="7zDec.c">
      <Filter>Source Files</Filter>
    </ClCompile>
    <ClCompile Include="7zFile.c">
      <Filter>Source Files</Filter>
    </ClCompile>
    <ClCompile Include="7zMemBuffer.c">
      <Filter>Source Files</Filter>
    </ClCompile>
    <ClCompile Include="7zStream.c">
      <Filter>Source Files</Filter>
    </ClCompile>
    <ClCompile Include="Bcj2.c">
      <Filter>Source Files</Filter>
    </ClCompile>
    <ClCompile Include="Bra.c">
      <Filter>Source Files</Filter>
    </ClCompile>
    <ClCompile Include="Bra86.c">
      <Filter>Source Files</Filter>
    </ClCompile>
    <ClCompile Include="BraIA64.c">
      <Filter>Source Files</Filter>
    </ClCompile>
    <ClCompile Include="CpuArch.c">
      <Filter>Source Files</Filter>
    </ClCompile>
    <ClCompile Include="Delta.c">
      <Filter>Source Files</Filter>
    </ClCompile>
    <ClCompile Include="Lzma2Dec.c">
      <Filter>Source Files</Filter>
    </ClCompile>
    <ClCompile Include="LzmaDec.c">
      <Filter>Source Files</Filter>
    </ClCompile>
    <ClCompile Include="Ppmd7.c">
      <Filter>Source Files</Filter>
    </ClCompile>
    <ClCompile Include="Ppmd7Dec.c">
      <Filter>Source Files</Filter>
    </ClCompile>
    <ClCompile Include="Precomp.c">
      <Filter>Source Files</Filter>
    </ClCompile>
  </ItemGroup>
</Project>